<?xml version="1.0" encoding="UTF-8" standalone="yes" ?>
<CodeBlocks_project_file>
	<FileVersion major="1" minor="6" />
	<Project>
		<Option title="xerces" />
		<Option pch_mode="2" />
		<Option compiler="gcc" />
		<Build>
			<Target title="Release Win32">
				<Option output="$(basepath)\lib\xerces-c_2_8" prefix_auto="1" extension_auto="1" />
				<Option object_output="$(basepath)\obj\xerces\release" />
				<Option type="3" />
				<Option compiler="gcc" />
				<Option createDefFile="1" />
				<Option createStaticLib="1" />
				<Compiler>
					<Add option="-O1" />
					<Add option="-W" />
					<Add option="-DNDEBUG" />
					<Add option="-DPLATFORM_WIN32" />
					<Add option="-D_CRTDBG_MAP_ALLOC" />
					<Add option="-DPROJ_XMLPARSER" />
					<Add option="-DPROJ_XMLUTIL" />
					<Add option="-DPROJ_PARSERS" />
					<Add option="-DPROJ_SAX4C" />
					<Add option="-DPROJ_SAX2" />
					<Add option="-DPROJ_DOM" />
					<Add option="-DPROJ_VALIDATORS" />
					<Add option="-DXML_SINGLEDLL" />
					<Add option="-DWIN32" />
					<Add option="-D_WINDOWS" />
					<Add option="-DXML_USE_WIN32_TRANSCODER" />
					<Add option="-DXML_USE_WIN32_MSGLOADER" />
					<Add option="-DXML_USE_NETACCESSOR_WINSOCK" />
				</Compiler>
				<Linker>
					<Add option="-s" />
					<Add library="ws2_32" />
					<Add library="advapi32" />
					<Add directory="..\..\..\..\..\Build\Win32\VC7.1\Release" />
				</Linker>
			</Target>
			<Target title="Debug Win32">
				<Option output="$(basepath)\lib\xerces-c_2_8D" prefix_auto="1" extension_auto="1" />
				<Option object_output="$(basepath)\obj\xerces\debug" />
				<Option type="3" />
				<Option compiler="gcc" />
				<Option createDefFile="1" />
				<Option createStaticLib="1" />
				<Compiler>
					<Add option="-W" />
					<Add option="-O0" />
					<Add option="-D_CRTDBG_MAP_ALLOC" />
					<Add option="-DPROJ_SAX2" />
					<Add option="-D_DEBUG" />
					<Add option="-DPROJ_XMLPARSER" />
					<Add option="-DPROJ_XMLUTIL" />
					<Add option="-DPROJ_PARSERS" />
					<Add option="-DPROJ_SAX4C" />
					<Add option="-DPROJ_DOM" />
					<Add option="-DPROJ_VALIDATORS" />
					<Add option="-DXML_SINGLEDLL" />
					<Add option="-DWIN32" />
					<Add option="-D_WINDOWS" />
					<Add option="-DXML_USE_WIN32_TRANSCODER" />
					<Add option="-DXML_USE_WIN32_MSGLOADER" />
					<Add option="-DXML_USE_NETACCESSOR_WINSOCK" />
				</Compiler>
				<Linker>
					<Add option="-s" />
					<Add library="ws2_32" />
					<Add library="advapi32" />
					<Add directory="..\..\..\..\..\Build\Win32\VC7.1\Debug" />
				</Linker>
			</Target>
			<Target title="Static Release Win32">
				<Option output="$(basepath)\lib\libxerces-c_static_2" prefix_auto="1" extension_auto="1" />
				<Option working_dir="" />
				<Option object_output="$(basepath)\obj\$(project_name)\static_release" />
				<Option type="2" />
				<Option compiler="gcc" />
				<Option createDefFile="1" />
				<Compiler>
					<Add option="-O1" />
					<Add option="-W" />
					<Add option="-DNDEBUG" />
					<Add option="-DPLATFORM_WIN32" />
					<Add option="-D_CRTDBG_MAP_ALLOC" />
					<Add option="-DPROJ_XMLPARSER" />
					<Add option="-DPROJ_XMLUTIL" />
					<Add option="-DPROJ_PARSERS" />
					<Add option="-DPROJ_SAX4C" />
					<Add option="-DPROJ_SAX2" />
					<Add option="-DPROJ_DOM" />
					<Add option="-DPROJ_VALIDATORS" />
					<Add option="-DWIN32" />
					<Add option="-D_WINDOWS" />
					<Add option="-DXML_USE_WIN32_TRANSCODER" />
					<Add option="-DXML_USE_INMEM_MESSAGELOADER" />
					<Add option="-DXML_USE_NETACCESSOR_WINSOCK" />
					<Add option="-DXML_LIBRARY" />
				</Compiler>
			</Target>
			<Target title="Static Debug Win32">
				<Option output="$(basepath)\lib\libxerces-c_static_2D" prefix_auto="1" extension_auto="1" />
				<Option working_dir="" />
				<Option object_output="$(basepath)\obj\$(project_name)\static_debug" />
				<Option type="2" />
				<Option compiler="gcc" />
				<Option createDefFile="1" />
				<Compiler>
					<Add option="-D_CRTDBG_MAP_ALLOC" />
					<Add option="-DPROJ_SAX2" />
					<Add option="-D_DEBUG" />
					<Add option="-DPROJ_XMLPARSER" />
					<Add option="-DPROJ_XMLUTIL" />
					<Add option="-DPROJ_PARSERS" />
					<Add option="-DPROJ_SAX4C" />
					<Add option="-DPROJ_DOM" />
					<Add option="-DPROJ_VALIDATORS" />
					<Add option="-DWIN32" />
					<Add option="-D_WINDOWS" />
					<Add option="-DXML_USE_WIN32_TRANSCODER" />
					<Add option="-DXML_USE_INMEM_MESSAGELOADER" />
					<Add option="-DXML_USE_NETACCESSOR_WINSOCK" />
					<Add option="-DXML_LIBRARY" />
					<Add option="-W" />
					<Add option="-O0" />
					<Add directory="..\..\..\..\..\src" />
				</Compiler>
				<ResourceCompiler>
					<Add directory="..\..\..\..\..\src" />
				</ResourceCompiler>
			</Target>
			<Environment>
				<Variable name="basepath" value="..\..\.." />
				<Variable name="sourcepath" value="$(basepath)\src\$(project_name)" />
			</Environment>
		</Build>
		<Compiler>
			<Add directory="$(basepath)\include\stlport" />
			<Add directory="$(basepath)\include\xerces" />
		</Compiler>
		<Unit filename="..\..\..\src\xerces\com\BindStatusCallback.cpp" />
		<Unit filename="..\..\..\src\xerces\com\BindStatusCallback.h" />
		<Unit filename="..\..\..\src\xerces\com\IXMLDOMCharacterDataImpl.h" />
		<Unit filename="..\..\..\src\xerces\com\IXMLDOMNodeImpl.h" />
		<Unit filename="..\..\..\src\xerces\com\IXMLDOMNodeImpl.inl" />
		<Unit filename="..\..\..\src\xerces\com\IXMLDOMTextImpl.h" />
		<Unit filename="..\..\..\src\xerces\com\NodeContainerImpl.h" />
		<Unit filename="..\..\..\src\xerces\com\StdAfx.cpp" />
		<Unit filename="..\..\..\src\xerces\com\XMLDOMAttribute.cpp" />
		<Unit filename="..\..\..\src\xerces\com\XMLDOMAttribute.h" />
		<Unit filename="..\..\..\src\xerces\com\XMLDOMCDATASection.h" />
		<Unit filename="..\..\..\src\xerces\com\XMLDOMComment.h" />
		<Unit filename="..\..\..\src\xerces\com\XMLDOMDocument.cpp" />
		<Unit filename="..\..\..\src\xerces\com\XMLDOMDocument.h" />
		<Unit filename="..\..\..\src\xerces\com\XMLDOMDocumentFragment.h" />
		<Unit filename="..\..\..\src\xerces\com\XMLDOMDocumentType.cpp" />
		<Unit filename="..\..\..\src\xerces\com\XMLDOMDocumentType.h" />
		<Unit filename="..\..\..\src\xerces\com\XMLDOMElement.cpp" />
		<Unit filename="..\..\..\src\xerces\com\XMLDOMElement.h" />
		<Unit filename="..\..\..\src\xerces\com\XMLDOMEntity.cpp" />
		<Unit filename="..\..\..\src\xerces\com\XMLDOMEntity.h" />
		<Unit filename="..\..\..\src\xerces\com\XMLDOMEntityReference.h" />
		<Unit filename="..\..\..\src\xerces\com\XMLDOMImplementation.cpp" />
		<Unit filename="..\..\..\src\xerces\com\XMLDOMImplementation.h" />
		<Unit filename="..\..\..\src\xerces\com\XMLDOMNamedNodeMap.cpp" />
		<Unit filename="..\..\..\src\xerces\com\XMLDOMNamedNodeMap.h" />
		<Unit filename="..\..\..\src\xerces\com\XMLDOMNodeList.cpp" />
		<Unit filename="..\..\..\src\xerces\com\XMLDOMNodeList.h" />
		<Unit filename="..\..\..\src\xerces\com\XMLDOMNotation.cpp" />
		<Unit filename="..\..\..\src\xerces\com\XMLDOMNotation.h" />
		<Unit filename="..\..\..\src\xerces\com\XMLDOMParseError.cpp" />
		<Unit filename="..\..\..\src\xerces\com\XMLDOMParseError.h" />
		<Unit filename="..\..\..\src\xerces\com\XMLDOMProcessingInstruction.cpp" />
		<Unit filename="..\..\..\src\xerces\com\XMLDOMProcessingInstruction.h" />
		<Unit filename="..\..\..\src\xerces\com\XMLDOMText.h" />
		<Unit filename="..\..\..\src\xerces\com\XMLDOMUtil.cpp" />
		<Unit filename="..\..\..\src\xerces\com\XMLDOMUtil.h" />
		<Unit filename="..\..\..\src\xerces\com\XMLDOMXMLDecl.cpp" />
		<Unit filename="..\..\..\src\xerces\com\XMLDOMXMLDecl.h" />
		<Unit filename="..\..\..\src\xerces\com\XMLHTTPRequest.cpp" />
		<Unit filename="..\..\..\src\xerces\com\XMLHttpRequest.h" />
		<Unit filename="..\..\..\src\xerces\com\resource.h" />
		<Unit filename="..\..\..\src\xerces\com\xml4com.cpp" />
		<Unit filename="..\..\..\src\xerces\com\xml4com.rc">
			<Option compilerVar="WINDRES" />
		</Unit>
		<Unit filename="..\..\..\src\xerces\com\xml4comCP.h" />
		<Unit filename="..\..\..\src\xerces\dom\DOM.hpp" />
		<Unit filename="..\..\..\src\xerces\dom\DOMAttr.hpp" />
		<Unit filename="..\..\..\src\xerces\dom\DOMBuilder.hpp" />
		<Unit filename="..\..\..\src\xerces\dom\DOMCDATASection.hpp" />
		<Unit filename="..\..\..\src\xerces\dom\DOMCharacterData.hpp" />
		<Unit filename="..\..\..\src\xerces\dom\DOMComment.hpp" />
		<Unit filename="..\..\..\src\xerces\dom\DOMConfiguration.hpp" />
		<Unit filename="..\..\..\src\xerces\dom\DOMDocument.hpp" />
		<Unit filename="..\..\..\src\xerces\dom\DOMDocumentFragment.hpp" />
		<Unit filename="..\..\..\src\xerces\dom\DOMDocumentRange.hpp" />
		<Unit filename="..\..\..\src\xerces\dom\DOMDocumentTraversal.hpp" />
		<Unit filename="..\..\..\src\xerces\dom\DOMDocumentType.hpp" />
		<Unit filename="..\..\..\src\xerces\dom\DOMElement.hpp" />
		<Unit filename="..\..\..\src\xerces\dom\DOMEntity.hpp" />
		<Unit filename="..\..\..\src\xerces\dom\DOMEntityReference.hpp" />
		<Unit filename="..\..\..\src\xerces\dom\DOMEntityResolver.hpp" />
		<Unit filename="..\..\..\src\xerces\dom\DOMError.hpp" />
		<Unit filename="..\..\..\src\xerces\dom\DOMErrorHandler.hpp" />
		<Unit filename="..\..\..\src\xerces\dom\DOMException.cpp" />
		<Unit filename="..\..\..\src\xerces\dom\DOMException.hpp" />
		<Unit filename="..\..\..\src\xerces\dom\DOMImplementation.hpp" />
		<Unit filename="..\..\..\src\xerces\dom\DOMImplementationLS.hpp" />
		<Unit filename="..\..\..\src\xerces\dom\DOMImplementationRegistry.hpp" />
		<Unit filename="..\..\..\src\xerces\dom\DOMImplementationSource.hpp" />
		<Unit filename="..\..\..\src\xerces\dom\DOMInputSource.hpp" />
		<Unit filename="..\..\..\src\xerces\dom\DOMLocator.hpp" />
		<Unit filename="..\..\..\src\xerces\dom\DOMNamedNodeMap.hpp" />
		<Unit filename="..\..\..\src\xerces\dom\DOMNode.hpp" />
		<Unit filename="..\..\..\src\xerces\dom\DOMNodeFilter.hpp" />
		<Unit filename="..\..\..\src\xerces\dom\DOMNodeIterator.hpp" />
		<Unit filename="..\..\..\src\xerces\dom\DOMNodeList.hpp" />
		<Unit filename="..\..\..\src\xerces\dom\DOMNotation.hpp" />
		<Unit filename="..\..\..\src\xerces\dom\DOMPSVITypeInfo.hpp" />
		<Unit filename="..\..\..\src\xerces\dom\DOMProcessingInstruction.hpp" />
		<Unit filename="..\..\..\src\xerces\dom\DOMRange.hpp" />
		<Unit filename="..\..\..\src\xerces\dom\DOMRangeException.cpp" />
		<Unit filename="..\..\..\src\xerces\dom\DOMRangeException.hpp" />
		<Unit filename="..\..\..\src\xerces\dom\DOMText.hpp" />
		<Unit filename="..\..\..\src\xerces\dom\DOMTreeWalker.hpp" />
		<Unit filename="..\..\..\src\xerces\dom\DOMTypeInfo.hpp" />
		<Unit filename="..\..\..\src\xerces\dom\DOMUserDataHandler.hpp" />
		<Unit filename="..\..\..\src\xerces\dom\DOMWriter.hpp" />
		<Unit filename="..\..\..\src\xerces\dom\DOMWriterFilter.hpp" />
		<Unit filename="..\..\..\src\xerces\dom\DOMXPathEvaluator.hpp" />
		<Unit filename="..\..\..\src\xerces\dom\DOMXPathException.cpp" />
		<Unit filename="..\..\..\src\xerces\dom\DOMXPathException.hpp" />
		<Unit filename="..\..\..\src\xerces\dom\DOMXPathExpression.hpp" />
		<Unit filename="..\..\..\src\xerces\dom\DOMXPathNSResolver.hpp" />
		<Unit filename="..\..\..\src\xerces\dom\DOMXPathNamespace.hpp" />
		<Unit filename="..\..\..\src\xerces\dom\DOMXPathResult.hpp" />
		<Unit filename="..\..\..\src\xerces\dom\StDOMNode.hpp" />
		<Unit filename="..\..\..\src\xerces\dom\deprecated\AttrImpl.cpp" />
		<Unit filename="..\..\..\src\xerces\dom\deprecated\AttrImpl.hpp" />
		<Unit filename="..\..\..\src\xerces\dom\deprecated\AttrMapImpl.cpp" />
		<Unit filename="..\..\..\src\xerces\dom\deprecated\AttrMapImpl.hpp" />
		<Unit filename="..\..\..\src\xerces\dom\deprecated\AttrNSImpl.cpp" />
		<Unit filename="..\..\..\src\xerces\dom\deprecated\AttrNSImpl.hpp" />
		<Unit filename="..\..\..\src\xerces\dom\deprecated\CDATASectionImpl.cpp" />
		<Unit filename="..\..\..\src\xerces\dom\deprecated\CDATASectionImpl.hpp" />
		<Unit filename="..\..\..\src\xerces\dom\deprecated\CharacterDataImpl.cpp" />
		<Unit filename="..\..\..\src\xerces\dom\deprecated\CharacterDataImpl.hpp" />
		<Unit filename="..\..\..\src\xerces\dom\deprecated\ChildNode.cpp" />
		<Unit filename="..\..\..\src\xerces\dom\deprecated\ChildNode.hpp" />
		<Unit filename="..\..\..\src\xerces\dom\deprecated\CommentImpl.cpp" />
		<Unit filename="..\..\..\src\xerces\dom\deprecated\CommentImpl.hpp" />
		<Unit filename="..\..\..\src\xerces\dom\deprecated\DOM.hpp" />
		<Unit filename="..\..\..\src\xerces\dom\deprecated\DOMParser.cpp" />
		<Unit filename="..\..\..\src\xerces\dom\deprecated\DOMParser.hpp" />
		<Unit filename="..\..\..\src\xerces\dom\deprecated\DOMString.cpp" />
		<Unit filename="..\..\..\src\xerces\dom\deprecated\DOMString.hpp" />
		<Unit filename="..\..\..\src\xerces\dom\deprecated\DOMStringImpl.hpp" />
		<Unit filename="..\..\..\src\xerces\dom\deprecated\DOM_Attr.cpp" />
		<Unit filename="..\..\..\src\xerces\dom\deprecated\DOM_Attr.hpp" />
		<Unit filename="..\..\..\src\xerces\dom\deprecated\DOM_CDATASection.cpp" />
		<Unit filename="..\..\..\src\xerces\dom\deprecated\DOM_CDATASection.hpp" />
		<Unit filename="..\..\..\src\xerces\dom\deprecated\DOM_CharacterData.cpp" />
		<Unit filename="..\..\..\src\xerces\dom\deprecated\DOM_CharacterData.hpp" />
		<Unit filename="..\..\..\src\xerces\dom\deprecated\DOM_Comment.cpp" />
		<Unit filename="..\..\..\src\xerces\dom\deprecated\DOM_Comment.hpp" />
		<Unit filename="..\..\..\src\xerces\dom\deprecated\DOM_DOMException.cpp" />
		<Unit filename="..\..\..\src\xerces\dom\deprecated\DOM_DOMException.hpp" />
		<Unit filename="..\..\..\src\xerces\dom\deprecated\DOM_DOMImplementation.cpp" />
		<Unit filename="..\..\..\src\xerces\dom\deprecated\DOM_DOMImplementation.hpp" />
		<Unit filename="..\..\..\src\xerces\dom\deprecated\DOM_Document.cpp" />
		<Unit filename="..\..\..\src\xerces\dom\deprecated\DOM_Document.hpp" />
		<Unit filename="..\..\..\src\xerces\dom\deprecated\DOM_DocumentFragment.cpp" />
		<Unit filename="..\..\..\src\xerces\dom\deprecated\DOM_DocumentFragment.hpp" />
		<Unit filename="..\..\..\src\xerces\dom\deprecated\DOM_DocumentType.cpp" />
		<Unit filename="..\..\..\src\xerces\dom\deprecated\DOM_DocumentType.hpp" />
		<Unit filename="..\..\..\src\xerces\dom\deprecated\DOM_Element.cpp" />
		<Unit filename="..\..\..\src\xerces\dom\deprecated\DOM_Element.hpp" />
		<Unit filename="..\..\..\src\xerces\dom\deprecated\DOM_Entity.cpp" />
		<Unit filename="..\..\..\src\xerces\dom\deprecated\DOM_Entity.hpp" />
		<Unit filename="..\..\..\src\xerces\dom\deprecated\DOM_EntityReference.cpp" />
		<Unit filename="..\..\..\src\xerces\dom\deprecated\DOM_EntityReference.hpp" />
		<Unit filename="..\..\..\src\xerces\dom\deprecated\DOM_NamedNodeMap.cpp" />
		<Unit filename="..\..\..\src\xerces\dom\deprecated\DOM_NamedNodeMap.hpp" />
		<Unit filename="..\..\..\src\xerces\dom\deprecated\DOM_Node.cpp" />
		<Unit filename="..\..\..\src\xerces\dom\deprecated\DOM_Node.hpp" />
		<Unit filename="..\..\..\src\xerces\dom\deprecated\DOM_NodeFilter.cpp" />
		<Unit filename="..\..\..\src\xerces\dom\deprecated\DOM_NodeFilter.hpp" />
		<Unit filename="..\..\..\src\xerces\dom\deprecated\DOM_NodeIterator.cpp" />
		<Unit filename="..\..\..\src\xerces\dom\deprecated\DOM_NodeIterator.hpp" />
		<Unit filename="..\..\..\src\xerces\dom\deprecated\DOM_NodeList.cpp" />
		<Unit filename="..\..\..\src\xerces\dom\deprecated\DOM_NodeList.hpp" />
		<Unit filename="..\..\..\src\xerces\dom\deprecated\DOM_Notation.cpp" />
		<Unit filename="..\..\..\src\xerces\dom\deprecated\DOM_Notation.hpp" />
		<Unit filename="..\..\..\src\xerces\dom\deprecated\DOM_ProcessingInstruction.cpp" />
		<Unit filename="..\..\..\src\xerces\dom\deprecated\DOM_ProcessingInstruction.hpp" />
		<Unit filename="..\..\..\src\xerces\dom\deprecated\DOM_Range.cpp" />
		<Unit filename="..\..\..\src\xerces\dom\deprecated\DOM_Range.hpp" />
		<Unit filename="..\..\..\src\xerces\dom\deprecated\DOM_RangeException.cpp" />
		<Unit filename="..\..\..\src\xerces\dom\deprecated\DOM_RangeException.hpp" />
		<Unit filename="..\..\..\src\xerces\dom\deprecated\DOM_Text.cpp" />
		<Unit filename="..\..\..\src\xerces\dom\deprecated\DOM_Text.hpp" />
		<Unit filename="..\..\..\src\xerces\dom\deprecated\DOM_TreeWalker.cpp" />
		<Unit filename="..\..\..\src\xerces\dom\deprecated\DOM_TreeWalker.hpp" />
		<Unit filename="..\..\..\src\xerces\dom\deprecated\DOM_XMLDecl.cpp" />
		<Unit filename="..\..\..\src\xerces\dom\deprecated\DOM_XMLDecl.hpp" />
		<Unit filename="..\..\..\src\xerces\dom\deprecated\DStringPool.cpp" />
		<Unit filename="..\..\..\src\xerces\dom\deprecated\DStringPool.hpp" />
		<Unit filename="..\..\..\src\xerces\dom\deprecated\DeepNodeListImpl.cpp" />
		<Unit filename="..\..\..\src\xerces\dom\deprecated\DeepNodeListImpl.hpp" />
		<Unit filename="..\..\..\src\xerces\dom\deprecated\DocumentFragmentImpl.cpp" />
		<Unit filename="..\..\..\src\xerces\dom\deprecated\DocumentFragmentImpl.hpp" />
		<Unit filename="..\..\..\src\xerces\dom\deprecated\DocumentImpl.cpp" />
		<Unit filename="..\..\..\src\xerces\dom\deprecated\DocumentImpl.hpp" />
		<Unit filename="..\..\..\src\xerces\dom\deprecated\DocumentTypeImpl.cpp" />
		<Unit filename="..\..\..\src\xerces\dom\deprecated\DocumentTypeImpl.hpp" />
		<Unit filename="..\..\..\src\xerces\dom\deprecated\DomMemDebug.cpp" />
		<Unit filename="..\..\..\src\xerces\dom\deprecated\DomMemDebug.hpp" />
		<Unit filename="..\..\..\src\xerces\dom\deprecated\ElementDefinitionImpl.cpp" />
		<Unit filename="..\..\..\src\xerces\dom\deprecated\ElementDefinitionImpl.hpp" />
		<Unit filename="..\..\..\src\xerces\dom\deprecated\ElementImpl.cpp" />
		<Unit filename="..\..\..\src\xerces\dom\deprecated\ElementImpl.hpp" />
		<Unit filename="..\..\..\src\xerces\dom\deprecated\ElementNSImpl.cpp" />
		<Unit filename="..\..\..\src\xerces\dom\deprecated\ElementNSImpl.hpp" />
		<Unit filename="..\..\..\src\xerces\dom\deprecated\EntityImpl.cpp" />
		<Unit filename="..\..\..\src\xerces\dom\deprecated\EntityImpl.hpp" />
		<Unit filename="..\..\..\src\xerces\dom\deprecated\EntityReferenceImpl.cpp" />
		<Unit filename="..\..\..\src\xerces\dom\deprecated\EntityReferenceImpl.hpp" />
		<Unit filename="..\..\..\src\xerces\dom\deprecated\MemDebug.hpp" />
		<Unit filename="..\..\..\src\xerces\dom\deprecated\NameNodeFilter.hpp" />
		<Unit filename="..\..\..\src\xerces\dom\deprecated\NamedNodeMapImpl.cpp" />
		<Unit filename="..\..\..\src\xerces\dom\deprecated\NamedNodeMapImpl.hpp" />
		<Unit filename="..\..\..\src\xerces\dom\deprecated\NodeIDMap.cpp" />
		<Unit filename="..\..\..\src\xerces\dom\deprecated\NodeIDMap.hpp" />
		<Unit filename="..\..\..\src\xerces\dom\deprecated\NodeImpl.cpp" />
		<Unit filename="..\..\..\src\xerces\dom\deprecated\NodeImpl.hpp" />
		<Unit filename="..\..\..\src\xerces\dom\deprecated\NodeIteratorImpl.cpp" />
		<Unit filename="..\..\..\src\xerces\dom\deprecated\NodeIteratorImpl.hpp" />
		<Unit filename="..\..\..\src\xerces\dom\deprecated\NodeListImpl.cpp" />
		<Unit filename="..\..\..\src\xerces\dom\deprecated\NodeListImpl.hpp" />
		<Unit filename="..\..\..\src\xerces\dom\deprecated\NodeVector.cpp" />
		<Unit filename="..\..\..\src\xerces\dom\deprecated\NodeVector.hpp" />
		<Unit filename="..\..\..\src\xerces\dom\deprecated\NotationImpl.cpp" />
		<Unit filename="..\..\..\src\xerces\dom\deprecated\NotationImpl.hpp" />
		<Unit filename="..\..\..\src\xerces\dom\deprecated\ParentNode.cpp" />
		<Unit filename="..\..\..\src\xerces\dom\deprecated\ParentNode.hpp" />
		<Unit filename="..\..\..\src\xerces\dom\deprecated\ProcessingInstructionImpl.cpp" />
		<Unit filename="..\..\..\src\xerces\dom\deprecated\ProcessingInstructionImpl.hpp" />
		<Unit filename="..\..\..\src\xerces\dom\deprecated\RangeImpl.cpp" />
		<Unit filename="..\..\..\src\xerces\dom\deprecated\RangeImpl.hpp" />
		<Unit filename="..\..\..\src\xerces\dom\deprecated\RefCountedImpl.cpp" />
		<Unit filename="..\..\..\src\xerces\dom\deprecated\RefCountedImpl.hpp" />
		<Unit filename="..\..\..\src\xerces\dom\deprecated\TextImpl.cpp" />
		<Unit filename="..\..\..\src\xerces\dom\deprecated\TextImpl.hpp" />
		<Unit filename="..\..\..\src\xerces\dom\deprecated\TreeWalkerImpl.cpp" />
		<Unit filename="..\..\..\src\xerces\dom\deprecated\TreeWalkerImpl.hpp" />
		<Unit filename="..\..\..\src\xerces\dom\deprecated\XMLDeclImpl.cpp" />
		<Unit filename="..\..\..\src\xerces\dom\deprecated\XMLDeclImpl.hpp" />
		<Unit filename="..\..\..\src\xerces\dom\impl\DOMAttrImpl.cpp" />
		<Unit filename="..\..\..\src\xerces\dom\impl\DOMAttrImpl.hpp" />
		<Unit filename="..\..\..\src\xerces\dom\impl\DOMAttrMapImpl.cpp" />
		<Unit filename="..\..\..\src\xerces\dom\impl\DOMAttrMapImpl.hpp" />
		<Unit filename="..\..\..\src\xerces\dom\impl\DOMAttrNSImpl.cpp" />
		<Unit filename="..\..\..\src\xerces\dom\impl\DOMAttrNSImpl.hpp" />
		<Unit filename="..\..\..\src\xerces\dom\impl\DOMCDATASectionImpl.cpp" />
		<Unit filename="..\..\..\src\xerces\dom\impl\DOMCDATASectionImpl.hpp" />
		<Unit filename="..\..\..\src\xerces\dom\impl\DOMCasts.hpp" />
		<Unit filename="..\..\..\src\xerces\dom\impl\DOMCharacterDataImpl.cpp" />
		<Unit filename="..\..\..\src\xerces\dom\impl\DOMCharacterDataImpl.hpp" />
		<Unit filename="..\..\..\src\xerces\dom\impl\DOMChildNode.cpp" />
		<Unit filename="..\..\..\src\xerces\dom\impl\DOMChildNode.hpp" />
		<Unit filename="..\..\..\src\xerces\dom\impl\DOMCommentImpl.cpp" />
		<Unit filename="..\..\..\src\xerces\dom\impl\DOMCommentImpl.hpp" />
		<Unit filename="..\..\..\src\xerces\dom\impl\DOMConfigurationImpl.cpp" />
		<Unit filename="..\..\..\src\xerces\dom\impl\DOMConfigurationImpl.hpp" />
		<Unit filename="..\..\..\src\xerces\dom\impl\DOMDeepNodeListImpl.cpp" />
		<Unit filename="..\..\..\src\xerces\dom\impl\DOMDeepNodeListImpl.hpp" />
		<Unit filename="..\..\..\src\xerces\dom\impl\DOMDeepNodeListPool.c">
			<Option compilerVar="CC" />
		</Unit>
		<Unit filename="..\..\..\src\xerces\dom\impl\DOMDeepNodeListPool.hpp" />
		<Unit filename="..\..\..\src\xerces\dom\impl\DOMDocumentFragmentImpl.cpp" />
		<Unit filename="..\..\..\src\xerces\dom\impl\DOMDocumentFragmentImpl.hpp" />
		<Unit filename="..\..\..\src\xerces\dom\impl\DOMDocumentImpl.cpp" />
		<Unit filename="..\..\..\src\xerces\dom\impl\DOMDocumentImpl.hpp" />
		<Unit filename="..\..\..\src\xerces\dom\impl\DOMDocumentTypeImpl.cpp" />
		<Unit filename="..\..\..\src\xerces\dom\impl\DOMDocumentTypeImpl.hpp" />
		<Unit filename="..\..\..\src\xerces\dom\impl\DOMElementImpl.cpp" />
		<Unit filename="..\..\..\src\xerces\dom\impl\DOMElementImpl.hpp" />
		<Unit filename="..\..\..\src\xerces\dom\impl\DOMElementNSImpl.cpp" />
		<Unit filename="..\..\..\src\xerces\dom\impl\DOMElementNSImpl.hpp" />
		<Unit filename="..\..\..\src\xerces\dom\impl\DOMEntityImpl.cpp" />
		<Unit filename="..\..\..\src\xerces\dom\impl\DOMEntityImpl.hpp" />
		<Unit filename="..\..\..\src\xerces\dom\impl\DOMEntityReferenceImpl.cpp" />
		<Unit filename="..\..\..\src\xerces\dom\impl\DOMEntityReferenceImpl.hpp" />
		<Unit filename="..\..\..\src\xerces\dom\impl\DOMErrorImpl.cpp" />
		<Unit filename="..\..\..\src\xerces\dom\impl\DOMErrorImpl.hpp" />
		<Unit filename="..\..\..\src\xerces\dom\impl\DOMImplementationImpl.cpp" />
		<Unit filename="..\..\..\src\xerces\dom\impl\DOMImplementationImpl.hpp" />
		<Unit filename="..\..\..\src\xerces\dom\impl\DOMImplementationRegistry.cpp" />
		<Unit filename="..\..\..\src\xerces\dom\impl\DOMLocatorImpl.cpp" />
		<Unit filename="..\..\..\src\xerces\dom\impl\DOMLocatorImpl.hpp" />
		<Unit filename="..\..\..\src\xerces\dom\impl\DOMNamedNodeMapImpl.cpp" />
		<Unit filename="..\..\..\src\xerces\dom\impl\DOMNamedNodeMapImpl.hpp" />
		<Unit filename="..\..\..\src\xerces\dom\impl\DOMNodeIDMap.cpp" />
		<Unit filename="..\..\..\src\xerces\dom\impl\DOMNodeIDMap.hpp" />
		<Unit filename="..\..\..\src\xerces\dom\impl\DOMNodeImpl.cpp" />
		<Unit filename="..\..\..\src\xerces\dom\impl\DOMNodeImpl.hpp" />
		<Unit filename="..\..\..\src\xerces\dom\impl\DOMNodeIteratorImpl.cpp" />
		<Unit filename="..\..\..\src\xerces\dom\impl\DOMNodeIteratorImpl.hpp" />
		<Unit filename="..\..\..\src\xerces\dom\impl\DOMNodeListImpl.cpp" />
		<Unit filename="..\..\..\src\xerces\dom\impl\DOMNodeListImpl.hpp" />
		<Unit filename="..\..\..\src\xerces\dom\impl\DOMNodeVector.cpp" />
		<Unit filename="..\..\..\src\xerces\dom\impl\DOMNodeVector.hpp" />
		<Unit filename="..\..\..\src\xerces\dom\impl\DOMNormalizer.cpp" />
		<Unit filename="..\..\..\src\xerces\dom\impl\DOMNormalizer.hpp" />
		<Unit filename="..\..\..\src\xerces\dom\impl\DOMNotationImpl.cpp" />
		<Unit filename="..\..\..\src\xerces\dom\impl\DOMNotationImpl.hpp" />
		<Unit filename="..\..\..\src\xerces\dom\impl\DOMParentNode.cpp" />
		<Unit filename="..\..\..\src\xerces\dom\impl\DOMParentNode.hpp" />
		<Unit filename="..\..\..\src\xerces\dom\impl\DOMProcessingInstructionImpl.cpp" />
		<Unit filename="..\..\..\src\xerces\dom\impl\DOMProcessingInstructionImpl.hpp" />
		<Unit filename="..\..\..\src\xerces\dom\impl\DOMRangeImpl.cpp" />
		<Unit filename="..\..\..\src\xerces\dom\impl\DOMRangeImpl.hpp" />
		<Unit filename="..\..\..\src\xerces\dom\impl\DOMStringPool.cpp" />
		<Unit filename="..\..\..\src\xerces\dom\impl\DOMStringPool.hpp" />
		<Unit filename="..\..\..\src\xerces\dom\impl\DOMTextImpl.cpp" />
		<Unit filename="..\..\..\src\xerces\dom\impl\DOMTextImpl.hpp" />
		<Unit filename="..\..\..\src\xerces\dom\impl\DOMTreeWalkerImpl.cpp" />
		<Unit filename="..\..\..\src\xerces\dom\impl\DOMTreeWalkerImpl.hpp" />
		<Unit filename="..\..\..\src\xerces\dom\impl\DOMTypeInfoImpl.cpp" />
		<Unit filename="..\..\..\src\xerces\dom\impl\DOMTypeInfoImpl.hpp" />
		<Unit filename="..\..\..\src\xerces\dom\impl\DOMWriterImpl.cpp" />
		<Unit filename="..\..\..\src\xerces\dom\impl\DOMWriterImpl.hpp" />
		<Unit filename="..\..\..\src\xerces\dom\impl\XSDElementNSImpl.cpp" />
		<Unit filename="..\..\..\src\xerces\dom\impl\XSDElementNSImpl.hpp" />
		<Unit filename="..\..\..\src\xerces\framework\BinOutputStream.cpp" />
		<Unit filename="..\..\..\src\xerces\framework\BinOutputStream.hpp" />
		<Unit filename="..\..\..\src\xerces\framework\LocalFileFormatTarget.cpp" />
		<Unit filename="..\..\..\src\xerces\framework\LocalFileFormatTarget.hpp" />
		<Unit filename="..\..\..\src\xerces\framework\LocalFileInputSource.cpp" />
		<Unit filename="..\..\..\src\xerces\framework\LocalFileInputSource.hpp" />
		<Unit filename="..\..\..\src\xerces\framework\MemBufFormatTarget.cpp" />
		<Unit filename="..\..\..\src\xerces\framework\MemBufFormatTarget.hpp" />
		<Unit filename="..\..\..\src\xerces\framework\MemBufInputSource.cpp" />
		<Unit filename="..\..\..\src\xerces\framework\MemBufInputSource.hpp" />
		<Unit filename="..\..\..\src\xerces\framework\MemoryManager.hpp" />
		<Unit filename="..\..\..\src\xerces\framework\StdInInputSource.cpp" />
		<Unit filename="..\..\..\src\xerces\framework\StdInInputSource.hpp" />
		<Unit filename="..\..\..\src\xerces\framework\StdOutFormatTarget.cpp" />
		<Unit filename="..\..\..\src\xerces\framework\StdOutFormatTarget.hpp" />
		<Unit filename="..\..\..\src\xerces\framework\URLInputSource.cpp" />
		<Unit filename="..\..\..\src\xerces\framework\URLInputSource.hpp" />
		<Unit filename="..\..\..\src\xerces\framework\ValidationContext.hpp" />
		<Unit filename="..\..\..\src\xerces\framework\Wrapper4DOMInputSource.cpp" />
		<Unit filename="..\..\..\src\xerces\framework\Wrapper4DOMInputSource.hpp" />
		<Unit filename="..\..\..\src\xerces\framework\Wrapper4InputSource.cpp" />
		<Unit filename="..\..\..\src\xerces\framework\Wrapper4InputSource.hpp" />
		<Unit filename="..\..\..\src\xerces\framework\XMLAttDef.cpp" />
		<Unit filename="..\..\..\src\xerces\framework\XMLAttDef.hpp" />
		<Unit filename="..\..\..\src\xerces\framework\XMLAttDefList.cpp" />
		<Unit filename="..\..\..\src\xerces\framework\XMLAttDefList.hpp" />
		<Unit filename="..\..\..\src\xerces\framework\XMLAttr.cpp" />
		<Unit filename="..\..\..\src\xerces\framework\XMLAttr.hpp" />
		<Unit filename="..\..\..\src\xerces\framework\XMLBuffer.cpp" />
		<Unit filename="..\..\..\src\xerces\framework\XMLBuffer.hpp" />
		<Unit filename="..\..\..\src\xerces\framework\XMLBufferMgr.cpp" />
		<Unit filename="..\..\..\src\xerces\framework\XMLBufferMgr.hpp" />
		<Unit filename="..\..\..\src\xerces\framework\XMLContentModel.cpp" />
		<Unit filename="..\..\..\src\xerces\framework\XMLContentModel.hpp" />
		<Unit filename="..\..\..\src\xerces\framework\XMLDTDDescription.cpp" />
		<Unit filename="..\..\..\src\xerces\framework\XMLDTDDescription.hpp" />
		<Unit filename="..\..\..\src\xerces\framework\XMLDocumentHandler.hpp" />
		<Unit filename="..\..\..\src\xerces\framework\XMLElementDecl.cpp" />
		<Unit filename="..\..\..\src\xerces\framework\XMLElementDecl.hpp" />
		<Unit filename="..\..\..\src\xerces\framework\XMLEntityDecl.cpp" />
		<Unit filename="..\..\..\src\xerces\framework\XMLEntityDecl.hpp" />
		<Unit filename="..\..\..\src\xerces\framework\XMLEntityHandler.hpp" />
		<Unit filename="..\..\..\src\xerces\framework\XMLErrorCodes.hpp" />
		<Unit filename="..\..\..\src\xerces\framework\XMLErrorReporter.hpp" />
		<Unit filename="..\..\..\src\xerces\framework\XMLFormatter.cpp" />
		<Unit filename="..\..\..\src\xerces\framework\XMLFormatter.hpp" />
		<Unit filename="..\..\..\src\xerces\framework\XMLGrammarDescription.cpp" />
		<Unit filename="..\..\..\src\xerces\framework\XMLGrammarDescription.hpp" />
		<Unit filename="..\..\..\src\xerces\framework\XMLGrammarPool.hpp" />
		<Unit filename="..\..\..\src\xerces\framework\XMLNotationDecl.cpp" />
		<Unit filename="..\..\..\src\xerces\framework\XMLNotationDecl.hpp" />
		<Unit filename="..\..\..\src\xerces\framework\XMLPScanToken.hpp" />
		<Unit filename="..\..\..\src\xerces\framework\XMLRecognizer.cpp" />
		<Unit filename="..\..\..\src\xerces\framework\XMLRecognizer.hpp" />
		<Unit filename="..\..\..\src\xerces\framework\XMLRefInfo.cpp" />
		<Unit filename="..\..\..\src\xerces\framework\XMLRefInfo.hpp" />
		<Unit filename="..\..\..\src\xerces\framework\XMLSchemaDescription.cpp" />
		<Unit filename="..\..\..\src\xerces\framework\XMLSchemaDescription.hpp" />
		<Unit filename="..\..\..\src\xerces\framework\XMLValidator.cpp" />
		<Unit filename="..\..\..\src\xerces\framework\XMLValidator.hpp" />
		<Unit filename="..\..\..\src\xerces\framework\XMLValidityCodes.hpp" />
		<Unit filename="..\..\..\src\xerces\framework\psvi\PSVIAttribute.cpp" />
		<Unit filename="..\..\..\src\xerces\framework\psvi\PSVIAttribute.hpp" />
		<Unit filename="..\..\..\src\xerces\framework\psvi\PSVIAttributeList.cpp" />
		<Unit filename="..\..\..\src\xerces\framework\psvi\PSVIAttributeList.hpp" />
		<Unit filename="..\..\..\src\xerces\framework\psvi\PSVIElement.cpp" />
		<Unit filename="..\..\..\src\xerces\framework\psvi\PSVIElement.hpp" />
		<Unit filename="..\..\..\src\xerces\framework\psvi\PSVIHandler.hpp" />
		<Unit filename="..\..\..\src\xerces\framework\psvi\PSVIItem.cpp" />
		<Unit filename="..\..\..\src\xerces\framework\psvi\PSVIItem.hpp" />
		<Unit filename="..\..\..\src\xerces\framework\psvi\XSAnnotation.cpp" />
		<Unit filename="..\..\..\src\xerces\framework\psvi\XSAnnotation.hpp" />
		<Unit filename="..\..\..\src\xerces\framework\psvi\XSAttributeDeclaration.cpp" />
		<Unit filename="..\..\..\src\xerces\framework\psvi\XSAttributeDeclaration.hpp" />
		<Unit filename="..\..\..\src\xerces\framework\psvi\XSAttributeGroupDefinition.cpp" />
		<Unit filename="..\..\..\src\xerces\framework\psvi\XSAttributeGroupDefinition.hpp" />
		<Unit filename="..\..\..\src\xerces\framework\psvi\XSAttributeUse.cpp" />
		<Unit filename="..\..\..\src\xerces\framework\psvi\XSAttributeUse.hpp" />
		<Unit filename="..\..\..\src\xerces\framework\psvi\XSComplexTypeDefinition.cpp" />
		<Unit filename="..\..\..\src\xerces\framework\psvi\XSComplexTypeDefinition.hpp" />
		<Unit filename="..\..\..\src\xerces\framework\psvi\XSConstants.hpp" />
		<Unit filename="..\..\..\src\xerces\framework\psvi\XSElementDeclaration.cpp" />
		<Unit filename="..\..\..\src\xerces\framework\psvi\XSElementDeclaration.hpp" />
		<Unit filename="..\..\..\src\xerces\framework\psvi\XSFacet.cpp" />
		<Unit filename="..\..\..\src\xerces\framework\psvi\XSFacet.hpp" />
		<Unit filename="..\..\..\src\xerces\framework\psvi\XSIDCDefinition.cpp" />
		<Unit filename="..\..\..\src\xerces\framework\psvi\XSIDCDefinition.hpp" />
		<Unit filename="..\..\..\src\xerces\framework\psvi\XSModel.cpp" />
		<Unit filename="..\..\..\src\xerces\framework\psvi\XSModel.hpp" />
		<Unit filename="..\..\..\src\xerces\framework\psvi\XSModelGroup.cpp" />
		<Unit filename="..\..\..\src\xerces\framework\psvi\XSModelGroup.hpp" />
		<Unit filename="..\..\..\src\xerces\framework\psvi\XSModelGroupDefinition.cpp" />
		<Unit filename="..\..\..\src\xerces\framework\psvi\XSModelGroupDefinition.hpp" />
		<Unit filename="..\..\..\src\xerces\framework\psvi\XSMultiValueFacet.cpp" />
		<Unit filename="..\..\..\src\xerces\framework\psvi\XSMultiValueFacet.hpp" />
		<Unit filename="..\..\..\src\xerces\framework\psvi\XSNamedMap.c">
			<Option compilerVar="CC" />
		</Unit>
		<Unit filename="..\..\..\src\xerces\framework\psvi\XSNamedMap.hpp" />
		<Unit filename="..\..\..\src\xerces\framework\psvi\XSNamespaceItem.cpp" />
		<Unit filename="..\..\..\src\xerces\framework\psvi\XSNamespaceItem.hpp" />
		<Unit filename="..\..\..\src\xerces\framework\psvi\XSNotationDeclaration.cpp" />
		<Unit filename="..\..\..\src\xerces\framework\psvi\XSNotationDeclaration.hpp" />
		<Unit filename="..\..\..\src\xerces\framework\psvi\XSObject.cpp" />
		<Unit filename="..\..\..\src\xerces\framework\psvi\XSObject.hpp" />
		<Unit filename="..\..\..\src\xerces\framework\psvi\XSParticle.cpp" />
		<Unit filename="..\..\..\src\xerces\framework\psvi\XSParticle.hpp" />
		<Unit filename="..\..\..\src\xerces\framework\psvi\XSSimpleTypeDefinition.cpp" />
		<Unit filename="..\..\..\src\xerces\framework\psvi\XSSimpleTypeDefinition.hpp" />
		<Unit filename="..\..\..\src\xerces\framework\psvi\XSTypeDefinition.cpp" />
		<Unit filename="..\..\..\src\xerces\framework\psvi\XSTypeDefinition.hpp" />
		<Unit filename="..\..\..\src\xerces\framework\psvi\XSValue.cpp" />
		<Unit filename="..\..\..\src\xerces\framework\psvi\XSValue.hpp" />
		<Unit filename="..\..\..\src\xerces\framework\psvi\XSWildcard.cpp" />
		<Unit filename="..\..\..\src\xerces\framework\psvi\XSWildcard.hpp" />
		<Unit filename="..\..\..\src\xerces\internal\BinFileOutputStream.cpp" />
		<Unit filename="..\..\..\src\xerces\internal\BinFileOutputStream.hpp" />
		<Unit filename="..\..\..\src\xerces\internal\BinMemOutputStream.cpp" />
		<Unit filename="..\..\..\src\xerces\internal\BinMemOutputStream.hpp" />
		<Unit filename="..\..\..\src\xerces\internal\CharTypeTables.hpp" />
		<Unit filename="..\..\..\src\xerces\internal\DGXMLScanner.cpp" />
		<Unit filename="..\..\..\src\xerces\internal\DGXMLScanner.hpp" />
		<Unit filename="..\..\..\src\xerces\internal\ElemStack.cpp" />
		<Unit filename="..\..\..\src\xerces\internal\ElemStack.hpp" />
		<Unit filename="..\..\..\src\xerces\internal\EndOfEntityException.hpp" />
		<Unit filename="..\..\..\src\xerces\internal\IANAEncodings.hpp" />
		<Unit filename="..\..\..\src\xerces\internal\IGXMLScanner.cpp" />
		<Unit filename="..\..\..\src\xerces\internal\IGXMLScanner.hpp" />
		<Unit filename="..\..\..\src\xerces\internal\IGXMLScanner2.cpp" />
		<Unit filename="..\..\..\src\xerces\internal\MemoryManagerArrayImpl.cpp" />
		<Unit filename="..\..\..\src\xerces\internal\MemoryManagerArrayImpl.hpp" />
		<Unit filename="..\..\..\src\xerces\internal\MemoryManagerImpl.cpp" />
		<Unit filename="..\..\..\src\xerces\internal\MemoryManagerImpl.hpp" />
		<Unit filename="..\..\..\src\xerces\internal\ReaderMgr.cpp" />
		<Unit filename="..\..\..\src\xerces\internal\ReaderMgr.hpp" />
		<Unit filename="..\..\..\src\xerces\internal\SGXMLScanner.cpp" />
		<Unit filename="..\..\..\src\xerces\internal\SGXMLScanner.hpp" />
		<Unit filename="..\..\..\src\xerces\internal\ValidationContextImpl.cpp" />
		<Unit filename="..\..\..\src\xerces\internal\ValidationContextImpl.hpp" />
		<Unit filename="..\..\..\src\xerces\internal\VecAttrListImpl.cpp" />
		<Unit filename="..\..\..\src\xerces\internal\VecAttrListImpl.hpp" />
		<Unit filename="..\..\..\src\xerces\internal\VecAttributesImpl.cpp" />
		<Unit filename="..\..\..\src\xerces\internal\VecAttributesImpl.hpp" />
		<Unit filename="..\..\..\src\xerces\internal\WFXMLScanner.cpp" />
		<Unit filename="..\..\..\src\xerces\internal\WFXMLScanner.hpp" />
		<Unit filename="..\..\..\src\xerces\internal\XMLGrammarPoolImpl.cpp" />
		<Unit filename="..\..\..\src\xerces\internal\XMLGrammarPoolImpl.hpp" />
		<Unit filename="..\..\..\src\xerces\internal\XMLInternalErrorHandler.hpp" />
		<Unit filename="..\..\..\src\xerces\internal\XMLReader.cpp" />
		<Unit filename="..\..\..\src\xerces\internal\XMLReader.hpp" />
		<Unit filename="..\..\..\src\xerces\internal\XMLScanner.cpp" />
		<Unit filename="..\..\..\src\xerces\internal\XMLScanner.hpp" />
		<Unit filename="..\..\..\src\xerces\internal\XMLScannerResolver.cpp" />
		<Unit filename="..\..\..\src\xerces\internal\XMLScannerResolver.hpp" />
		<Unit filename="..\..\..\src\xerces\internal\XProtoType.cpp" />
		<Unit filename="..\..\..\src\xerces\internal\XProtoType.hpp" />
		<Unit filename="..\..\..\src\xerces\internal\XSAXMLScanner.cpp" />
		<Unit filename="..\..\..\src\xerces\internal\XSAXMLScanner.hpp" />
		<Unit filename="..\..\..\src\xerces\internal\XSObjectFactory.cpp" />
		<Unit filename="..\..\..\src\xerces\internal\XSObjectFactory.hpp" />
		<Unit filename="..\..\..\src\xerces\internal\XSerializable.hpp" />
		<Unit filename="..\..\..\src\xerces\internal\XSerializationException.hpp" />
		<Unit filename="..\..\..\src\xerces\internal\XSerializeEngine.cpp" />
		<Unit filename="..\..\..\src\xerces\internal\XSerializeEngine.hpp" />
		<Unit filename="..\..\..\src\xerces\internal\XTemplateSerializer.cpp" />
		<Unit filename="..\..\..\src\xerces\internal\XTemplateSerializer.hpp" />
		<Unit filename="..\..\..\src\xerces\parsers\AbstractDOMParser.cpp" />
		<Unit filename="..\..\..\src\xerces\parsers\AbstractDOMParser.hpp" />
		<Unit filename="..\..\..\src\xerces\parsers\DOMBuilderImpl.cpp" />
		<Unit filename="..\..\..\src\xerces\parsers\DOMBuilderImpl.hpp" />
		<Unit filename="..\..\..\src\xerces\parsers\SAX2XMLFilterImpl.cpp" />
		<Unit filename="..\..\..\src\xerces\parsers\SAX2XMLFilterImpl.hpp" />
		<Unit filename="..\..\..\src\xerces\parsers\SAX2XMLReaderImpl.cpp" />
		<Unit filename="..\..\..\src\xerces\parsers\SAX2XMLReaderImpl.hpp" />
		<Unit filename="..\..\..\src\xerces\parsers\SAXParser.cpp" />
		<Unit filename="..\..\..\src\xerces\parsers\SAXParser.hpp" />
		<Unit filename="..\..\..\src\xerces\parsers\XercesDOMParser.cpp" />
		<Unit filename="..\..\..\src\xerces\parsers\XercesDOMParser.hpp" />
		<Unit filename="..\..\..\src\xerces\sax2\Attributes.hpp" />
		<Unit filename="..\..\..\src\xerces\sax2\ContentHandler.hpp" />
		<Unit filename="..\..\..\src\xerces\sax2\DeclHandler.hpp" />
		<Unit filename="..\..\..\src\xerces\sax2\DefaultHandler.hpp" />
		<Unit filename="..\..\..\src\xerces\sax2\LexicalHandler.hpp" />
		<Unit filename="..\..\..\src\xerces\sax2\SAX2XMLFilter.hpp" />
		<Unit filename="..\..\..\src\xerces\sax2\SAX2XMLReader.hpp" />
		<Unit filename="..\..\..\src\xerces\sax2\XMLReaderFactory.hpp" />
		<Unit filename="..\..\..\src\xerces\sax2\sax2Dummy.cpp" />
		<Unit filename="..\..\..\src\xerces\sax\AttributeList.hpp" />
		<Unit filename="..\..\..\src\xerces\sax\DTDHandler.hpp" />
		<Unit filename="..\..\..\src\xerces\sax\DocumentHandler.hpp" />
		<Unit filename="..\..\..\src\xerces\sax\Dummy.cpp" />
		<Unit filename="..\..\..\src\xerces\sax\EntityResolver.hpp" />
		<Unit filename="..\..\..\src\xerces\sax\ErrorHandler.hpp" />
		<Unit filename="..\..\..\src\xerces\sax\HandlerBase.hpp" />
		<Unit filename="..\..\..\src\xerces\sax\InputSource.cpp" />
		<Unit filename="..\..\..\src\xerces\sax\InputSource.hpp" />
		<Unit filename="..\..\..\src\xerces\sax\Locator.hpp" />
		<Unit filename="..\..\..\src\xerces\sax\Parser.hpp" />
		<Unit filename="..\..\..\src\xerces\sax\SAXException.cpp" />
		<Unit filename="..\..\..\src\xerces\sax\SAXException.hpp" />
		<Unit filename="..\..\..\src\xerces\sax\SAXParseException.cpp" />
		<Unit filename="..\..\..\src\xerces\sax\SAXParseException.hpp" />
		<Unit filename="..\..\..\src\xerces\util\ArrayIndexOutOfBoundsException.hpp" />
		<Unit filename="..\..\..\src\xerces\util\AutoSense.hpp" />
		<Unit filename="..\..\..\src\xerces\util\Base64.cpp" />
		<Unit filename="..\..\..\src\xerces\util\Base64.hpp" />
		<Unit filename="..\..\..\src\xerces\util\BaseRefVectorOf.c">
			<Option compilerVar="CC" />
		</Unit>
		<Unit filename="..\..\..\src\xerces\util\BaseRefVectorOf.hpp" />
		<Unit filename="..\..\..\src\xerces\util\BinFileInputStream.cpp" />
		<Unit filename="..\..\..\src\xerces\util\BinFileInputStream.hpp" />
		<Unit filename="..\..\..\src\xerces\util\BinInputStream.cpp" />
		<Unit filename="..\..\..\src\xerces\util\BinInputStream.hpp" />
		<Unit filename="..\..\..\src\xerces\util\BinMemInputStream.cpp" />
		<Unit filename="..\..\..\src\xerces\util\BinMemInputStream.hpp" />
		<Unit filename="..\..\..\src\xerces\util\BitOps.hpp" />
		<Unit filename="..\..\..\src\xerces\util\BitSet.cpp" />
		<Unit filename="..\..\..\src\xerces\util\BitSet.hpp" />
		<Unit filename="..\..\..\src\xerces\util\Compilers\BorlandCDefs.hpp" />
		<Unit filename="..\..\..\src\xerces\util\Compilers\CSetDefs.cpp" />
		<Unit filename="..\..\..\src\xerces\util\Compilers\CSetDefs.hpp" />
		<Unit filename="..\..\..\src\xerces\util\Compilers\CodeWarriorDefs.cpp" />
		<Unit filename="..\..\..\src\xerces\util\Compilers\CodeWarriorDefs.hpp" />
		<Unit filename="..\..\..\src\xerces\util\Compilers\DECCXXDefs.cpp" />
		<Unit filename="..\..\..\src\xerces\util\Compilers\DECCXXDefs.hpp" />
		<Unit filename="..\..\..\src\xerces\util\Compilers\GCCDefs.cpp" />
		<Unit filename="..\..\..\src\xerces\util\Compilers\GCCDefs.hpp" />
		<Unit filename="..\..\..\src\xerces\util\Compilers\HPCCDefs.cpp" />
		<Unit filename="..\..\..\src\xerces\util\Compilers\HPCCDefs.hpp" />
		<Unit filename="..\..\..\src\xerces\util\Compilers\IBMVAOS2Defs.hpp" />
		<Unit filename="..\..\..\src\xerces\util\Compilers\IBMVAW32Defs.hpp" />
		<Unit filename="..\..\..\src\xerces\util\Compilers\MIPSproDefs.cpp" />
		<Unit filename="..\..\..\src\xerces\util\Compilers\MIPSproDefs.hpp" />
		<Unit filename="..\..\..\src\xerces\util\Compilers\MVSCPPDefs.cpp" />
		<Unit filename="..\..\..\src\xerces\util\Compilers\MVSCPPDefs.hpp" />
		<Unit filename="..\..\..\src\xerces\util\Compilers\OS400SetDefs.cpp" />
		<Unit filename="..\..\..\src\xerces\util\Compilers\OS400SetDefs.hpp" />
		<Unit filename="..\..\..\src\xerces\util\Compilers\PTXCCDefs.cpp" />
		<Unit filename="..\..\..\src\xerces\util\Compilers\PTXCCDefs.hpp" />
		<Unit filename="..\..\..\src\xerces\util\Compilers\QCCDefs.cpp" />
		<Unit filename="..\..\..\src\xerces\util\Compilers\QCCDefs.hpp" />
		<Unit filename="..\..\..\src\xerces\util\Compilers\SCOCCDefs.cpp" />
		<Unit filename="..\..\..\src\xerces\util\Compilers\SCOCCDefs.hpp" />
		<Unit filename="..\..\..\src\xerces\util\Compilers\SunCCDefs.cpp" />
		<Unit filename="..\..\..\src\xerces\util\Compilers\SunCCDefs.hpp" />
		<Unit filename="..\..\..\src\xerces\util\Compilers\SunKaiDefs.hpp" />
		<Unit filename="..\..\..\src\xerces\util\Compilers\TandemCCDefs.cpp" />
		<Unit filename="..\..\..\src\xerces\util\Compilers\TandemCCDefs.hpp" />
		<Unit filename="..\..\..\src\xerces\util\Compilers\VCPPDefs.hpp" />
		<Unit filename="..\..\..\src\xerces\util\CountedPointer.c">
			<Option compilerVar="CC" />
		</Unit>
		<Unit filename="..\..\..\src\xerces\util\CountedPointer.hpp" />
		<Unit filename="..\..\..\src\xerces\util\DefaultPanicHandler.cpp" />
		<Unit filename="..\..\..\src\xerces\util\DefaultPanicHandler.hpp" />
		<Unit filename="..\..\..\src\xerces\util\EmptyStackException.hpp" />
		<Unit filename="..\..\..\src\xerces\util\EncodingValidator.cpp" />
		<Unit filename="..\..\..\src\xerces\util\EncodingValidator.hpp" />
		<Unit filename="..\..\..\src\xerces\util\FlagJanitor.c">
			<Option compilerVar="CC" />
		</Unit>
		<Unit filename="..\..\..\src\xerces\util\FlagJanitor.hpp" />
		<Unit filename="..\..\..\src\xerces\util\HashBase.hpp" />
		<Unit filename="..\..\..\src\xerces\util\HashCMStateSet.hpp" />
		<Unit filename="..\..\..\src\xerces\util\HashPtr.cpp" />
		<Unit filename="..\..\..\src\xerces\util\HashPtr.hpp" />
		<Unit filename="..\..\..\src\xerces\util\HashXMLCh.cpp" />
		<Unit filename="..\..\..\src\xerces\util\HashXMLCh.hpp" />
		<Unit filename="..\..\..\src\xerces\util\HeaderDummy.cpp" />
		<Unit filename="..\..\..\src\xerces\util\HexBin.cpp" />
		<Unit filename="..\..\..\src\xerces\util\HexBin.hpp" />
		<Unit filename="..\..\..\src\xerces\util\IOException.hpp" />
		<Unit filename="..\..\..\src\xerces\util\IllegalArgumentException.hpp" />
		<Unit filename="..\..\..\src\xerces\util\InvalidCastException.hpp" />
		<Unit filename="..\..\..\src\xerces\util\Janitor.c">
			<Option compilerVar="CC" />
		</Unit>
		<Unit filename="..\..\..\src\xerces\util\Janitor.hpp" />
		<Unit filename="..\..\..\src\xerces\util\KVStringPair.cpp" />
		<Unit filename="..\..\..\src\xerces\util\KVStringPair.hpp" />
		<Unit filename="..\..\..\src\xerces\util\KeyRefPair.c">
			<Option compilerVar="CC" />
		</Unit>
		<Unit filename="..\..\..\src\xerces\util\KeyRefPair.hpp" />
		<Unit filename="..\..\..\src\xerces\util\KeyValuePair.c">
			<Option compilerVar="CC" />
		</Unit>
		<Unit filename="..\..\..\src\xerces\util\KeyValuePair.hpp" />
		<Unit filename="..\..\..\src\xerces\util\LogicalPath.c">
			<Option compilerVar="CC" />
		</Unit>
		<Unit filename="..\..\..\src\xerces\util\MsgLoaders\ICU\ICUMsgLoader.cpp" />
		<Unit filename="..\..\..\src\xerces\util\MsgLoaders\ICU\ICUMsgLoader.hpp" />
		<Unit filename="..\..\..\src\xerces\util\MsgLoaders\InMemory\InMemMsgLoader.cpp" />
		<Unit filename="..\..\..\src\xerces\util\MsgLoaders\InMemory\InMemMsgLoader.hpp" />
		<Unit filename="..\..\..\src\xerces\util\MsgLoaders\InMemory\XercesMessages_en_US.hpp" />
		<Unit filename="..\..\..\src\xerces\util\MsgLoaders\MsgCatalog\MsgCatalogLoader.cpp" />
		<Unit filename="..\..\..\src\xerces\util\MsgLoaders\MsgCatalog\MsgCatalogLoader.hpp" />
		<Unit filename="..\..\..\src\xerces\util\MsgLoaders\MsgCatalog\XMLMsgCat_Ids.hpp" />
		<Unit filename="..\..\..\src\xerces\util\MsgLoaders\MsgFile\MsgLoader.cpp" />
		<Unit filename="..\..\..\src\xerces\util\MsgLoaders\MsgFile\MsgLoader.hpp" />
		<Unit filename="..\..\..\src\xerces\util\MsgLoaders\MsgFile\XMLMessages.h" />
		<Unit filename="..\..\..\src\xerces\util\MsgLoaders\Win32\Win32MsgLoader.cpp" />
		<Unit filename="..\..\..\src\xerces\util\MsgLoaders\Win32\Win32MsgLoader.hpp" />
		<Unit filename="..\..\..\src\xerces\util\Mutexes.cpp" />
		<Unit filename="..\..\..\src\xerces\util\Mutexes.hpp" />
		<Unit filename="..\..\..\src\xerces\util\NameIdPool.c">
			<Option compilerVar="CC" />
		</Unit>
		<Unit filename="..\..\..\src\xerces\util\NameIdPool.hpp" />
		<Unit filename="..\..\..\src\xerces\util\NetAccessors\MacOSURLAccessCF\MacOSURLAccessCF.cpp" />
		<Unit filename="..\..\..\src\xerces\util\NetAccessors\MacOSURLAccessCF\MacOSURLAccessCF.hpp" />
		<Unit filename="..\..\..\src\xerces\util\NetAccessors\MacOSURLAccessCF\URLAccessCFBinInputStream.cpp" />
		<Unit filename="..\..\..\src\xerces\util\NetAccessors\MacOSURLAccessCF\URLAccessCFBinInputStream.hpp" />
		<Unit filename="..\..\..\src\xerces\util\NetAccessors\MacOSURLAccess\MacOSURLAccess.cpp" />
		<Unit filename="..\..\..\src\xerces\util\NetAccessors\MacOSURLAccess\MacOSURLAccess.hpp" />
		<Unit filename="..\..\..\src\xerces\util\NetAccessors\MacOSURLAccess\URLAccessBinInputStream.cpp" />
		<Unit filename="..\..\..\src\xerces\util\NetAccessors\MacOSURLAccess\URLAccessBinInputStream.hpp" />
		<Unit filename="..\..\..\src\xerces\util\NetAccessors\Socket\SocketNetAccessor.cpp" />
		<Unit filename="..\..\..\src\xerces\util\NetAccessors\Socket\SocketNetAccessor.hpp" />
		<Unit filename="..\..\..\src\xerces\util\NetAccessors\Socket\UnixHTTPURLInputStream.cpp" />
		<Unit filename="..\..\..\src\xerces\util\NetAccessors\Socket\UnixHTTPURLInputStream.hpp" />
		<Unit filename="..\..\..\src\xerces\util\NetAccessors\WinSock\BinHTTPURLInputStream.cpp" />
		<Unit filename="..\..\..\src\xerces\util\NetAccessors\WinSock\BinHTTPURLInputStream.hpp" />
		<Unit filename="..\..\..\src\xerces\util\NetAccessors\WinSock\WinSockNetAccessor.cpp" />
		<Unit filename="..\..\..\src\xerces\util\NetAccessors\WinSock\WinSockNetAccessor.hpp" />
		<Unit filename="..\..\..\src\xerces\util\NetAccessors\libWWW\BinURLInputStream.cpp" />
		<Unit filename="..\..\..\src\xerces\util\NetAccessors\libWWW\BinURLInputStream.hpp" />
		<Unit filename="..\..\..\src\xerces\util\NetAccessors\libWWW\LibWWWNetAccessor.cpp" />
		<Unit filename="..\..\..\src\xerces\util\NetAccessors\libWWW\LibWWWNetAccessor.hpp" />
		<Unit filename="..\..\..\src\xerces\util\NoSuchElementException.hpp" />
		<Unit filename="..\..\..\src\xerces\util\NullPointerException.hpp" />
		<Unit filename="..\..\..\src\xerces\util\NumberFormatException.hpp" />
		<Unit filename="..\..\..\src\xerces\util\OutOfMemoryException.hpp" />
		<Unit filename="..\..\..\src\xerces\util\PanicHandler.cpp" />
		<Unit filename="..\..\..\src\xerces\util\PanicHandler.hpp" />
		<Unit filename="..\..\..\src\xerces\util\ParseException.hpp" />
		<Unit filename="..\..\..\src\xerces\util\PlatformUtils.cpp" />
		<Unit filename="..\..\..\src\xerces\util\PlatformUtils.hpp" />
		<Unit filename="..\..\..\src\xerces\util\Platforms\AIX\AIXDefs.hpp" />
		<Unit filename="..\..\..\src\xerces\util\Platforms\AIX\AIXPlatformUtils.cpp" />
		<Unit filename="..\..\..\src\xerces\util\Platforms\BeOS\BeOSDefs.hpp" />
		<Unit filename="..\..\..\src\xerces\util\Platforms\BeOS\BeOSPlatformUtils.cpp" />
		<Unit filename="..\..\..\src\xerces\util\Platforms\Cygwin\CygwinDefs.hpp" />
		<Unit filename="..\..\..\src\xerces\util\Platforms\Cygwin\CygwinPlatformUtils.cpp" />
		<Unit filename="..\..\..\src\xerces\util\Platforms\FreeBSD\FreeBSDDefs.hpp" />
		<Unit filename="..\..\..\src\xerces\util\Platforms\FreeBSD\FreeBSDPlatformUtils.cpp" />
		<Unit filename="..\..\..\src\xerces\util\Platforms\HPUX\HPPlatformUtils.cpp" />
		<Unit filename="..\..\..\src\xerces\util\Platforms\HPUX\HPUXDefs.hpp" />
		<Unit filename="..\..\..\src\xerces\util\Platforms\IRIX\IRIXDefs.hpp" />
		<Unit filename="..\..\..\src\xerces\util\Platforms\IRIX\IRIXPlatformUtils.cpp" />
		<Unit filename="..\..\..\src\xerces\util\Platforms\Interix\InterixDefs.hpp" />
		<Unit filename="..\..\..\src\xerces\util\Platforms\Interix\InterixPlatformUtils.cpp" />
		<Unit filename="..\..\..\src\xerces\util\Platforms\Linux\LinuxDefs.hpp" />
		<Unit filename="..\..\..\src\xerces\util\Platforms\Linux\LinuxPlatformUtils.cpp" />
		<Unit filename="..\..\..\src\xerces\util\Platforms\MacOS\MacAbstractFile.hpp" />
		<Unit filename="..\..\..\src\xerces\util\Platforms\MacOS\MacCarbonFile.cpp" />
		<Unit filename="..\..\..\src\xerces\util\Platforms\MacOS\MacCarbonFile.hpp" />
		<Unit filename="..\..\..\src\xerces\util\Platforms\MacOS\MacOSDefs.hpp" />
		<Unit filename="..\..\..\src\xerces\util\Platforms\MacOS\MacOSPlatformUtils.cpp" />
		<Unit filename="..\..\..\src\xerces\util\Platforms\MacOS\MacOSPlatformUtils.hpp" />
		<Unit filename="..\..\..\src\xerces\util\Platforms\MacOS\MacPosixFile.cpp" />
		<Unit filename="..\..\..\src\xerces\util\Platforms\MacOS\MacPosixFile.hpp" />
		<Unit filename="..\..\..\src\xerces\util\Platforms\NetBSD\NetBSDDefs.hpp" />
		<Unit filename="..\..\..\src\xerces\util\Platforms\NetBSD\NetBSDPlatformUtils.cpp" />
		<Unit filename="..\..\..\src\xerces\util\Platforms\OS2\OS2Defs.hpp" />
		<Unit filename="..\..\..\src\xerces\util\Platforms\OS2\OS2PlatformUtils.cpp" />
		<Unit filename="..\..\..\src\xerces\util\Platforms\OS390\FileHandleImpl.cpp" />
		<Unit filename="..\..\..\src\xerces\util\Platforms\OS390\FileHandleImpl.hpp" />
		<Unit filename="..\..\..\src\xerces\util\Platforms\OS390\OS390Defs.hpp" />
		<Unit filename="..\..\..\src\xerces\util\Platforms\OS390\OS390PlatformUtils.cpp" />
		<Unit filename="..\..\..\src\xerces\util\Platforms\OS390\Path390.cpp" />
		<Unit filename="..\..\..\src\xerces\util\Platforms\OS390\Path390.hpp" />
		<Unit filename="..\..\..\src\xerces\util\Platforms\OS400\OS400Defs.hpp" />
		<Unit filename="..\..\..\src\xerces\util\Platforms\OS400\OS400PlatformUtils.cpp" />
		<Unit filename="..\..\..\src\xerces\util\Platforms\OS400\OS400PlatformUtils.hpp" />
		<Unit filename="..\..\..\src\xerces\util\Platforms\OpenServer\OpenServerDefs.hpp" />
		<Unit filename="..\..\..\src\xerces\util\Platforms\OpenServer\OpenServerPlatformUtils.cpp" />
		<Unit filename="..\..\..\src\xerces\util\Platforms\PTX\PTXDefs.hpp" />
		<Unit filename="..\..\..\src\xerces\util\Platforms\PTX\PTXPlatformUtils.cpp" />
		<Unit filename="..\..\..\src\xerces\util\Platforms\QNX\QNXDefs.hpp" />
		<Unit filename="..\..\..\src\xerces\util\Platforms\QNX\QNXPlatformUtils.cpp" />
		<Unit filename="..\..\..\src\xerces\util\Platforms\Solaris\SolarisDefs.hpp" />
		<Unit filename="..\..\..\src\xerces\util\Platforms\Solaris\SolarisPlatformUtils.cpp" />
		<Unit filename="..\..\..\src\xerces\util\Platforms\Tandem\TandemDefs.hpp" />
		<Unit filename="..\..\..\src\xerces\util\Platforms\Tandem\TandemPlatformUtils.cpp" />
		<Unit filename="..\..\..\src\xerces\util\Platforms\Tru64\Tru64Defs.hpp" />
		<Unit filename="..\..\..\src\xerces\util\Platforms\Tru64\Tru64PlatformUtils.cpp" />
		<Unit filename="..\..\..\src\xerces\util\Platforms\UnixWare\UnixWareDefs.hpp" />
		<Unit filename="..\..\..\src\xerces\util\Platforms\UnixWare\UnixWarePlatformUtils.cpp" />
		<Unit filename="..\..\..\src\xerces\util\Platforms\Win32\Version.rc">
			<Option compilerVar="WINDRES" />
		</Unit>
		<Unit filename="..\..\..\src\xerces\util\Platforms\Win32\Win32Defs.hpp" />
		<Unit filename="..\..\..\src\xerces\util\Platforms\Win32\Win32PlatformUtils.cpp" />
		<Unit filename="..\..\..\src\xerces\util\Platforms\Win32\resource.h" />
		<Unit filename="..\..\..\src\xerces\util\QName.cpp" />
		<Unit filename="..\..\..\src\xerces\util\QName.hpp" />
		<Unit filename="..\..\..\src\xerces\util\RefArrayOf.c">
			<Option compilerVar="CC" />
		</Unit>
		<Unit filename="..\..\..\src\xerces\util\RefArrayOf.hpp" />
		<Unit filename="..\..\..\src\xerces\util\RefArrayVectorOf.c">
			<Option compilerVar="CC" />
		</Unit>
		<Unit filename="..\..\..\src\xerces\util\RefArrayVectorOf.hpp" />
		<Unit filename="..\..\..\src\xerces\util\RefHash2KeysTableOf.c">
			<Option compilerVar="CC" />
		</Unit>
		<Unit filename="..\..\..\src\xerces\util\RefHash2KeysTableOf.hpp" />
		<Unit filename="..\..\..\src\xerces\util\RefHash3KeysIdPool.c">
			<Option compilerVar="CC" />
		</Unit>
		<Unit filename="..\..\..\src\xerces\util\RefHash3KeysIdPool.hpp" />
		<Unit filename="..\..\..\src\xerces\util\RefHashTableOf.c">
			<Option compilerVar="CC" />
		</Unit>
		<Unit filename="..\..\..\src\xerces\util\RefHashTableOf.hpp" />
		<Unit filename="..\..\..\src\xerces\util\RefStackOf.c">
			<Option compilerVar="CC" />
		</Unit>
		<Unit filename="..\..\..\src\xerces\util\RefStackOf.hpp" />
		<Unit filename="..\..\..\src\xerces\util\RefVectorOf.c">
			<Option compilerVar="CC" />
		</Unit>
		<Unit filename="..\..\..\src\xerces\util\RefVectorOf.hpp" />
		<Unit filename="..\..\..\src\xerces\util\RuntimeException.hpp" />
		<Unit filename="..\..\..\src\xerces\util\SchemaDateTimeException.hpp" />
		<Unit filename="..\..\..\src\xerces\util\SecurityManager.hpp" />
		<Unit filename="..\..\..\src\xerces\util\StringPool.cpp" />
		<Unit filename="..\..\..\src\xerces\util\StringPool.hpp" />
		<Unit filename="..\..\..\src\xerces\util\SynchronizedStringPool.cpp" />
		<Unit filename="..\..\..\src\xerces\util\SynchronizedStringPool.hpp" />
		<Unit filename="..\..\..\src\xerces\util\TransENameMap.c">
			<Option compilerVar="CC" />
		</Unit>
		<Unit filename="..\..\..\src\xerces\util\TransENameMap.hpp" />
		<Unit filename="..\..\..\src\xerces\util\TransService.cpp" />
		<Unit filename="..\..\..\src\xerces\util\TransService.hpp" />
		<Unit filename="..\..\..\src\xerces\util\Transcoders\Cygwin\CygwinTransService.cpp" />
		<Unit filename="..\..\..\src\xerces\util\Transcoders\Cygwin\CygwinTransService.hpp" />
		<Unit filename="..\..\..\src\xerces\util\Transcoders\ICU\ICUTransService.cpp" />
		<Unit filename="..\..\..\src\xerces\util\Transcoders\ICU\ICUTransService.hpp" />
		<Unit filename="..\..\..\src\xerces\util\Transcoders\Iconv390\Iconv390TransService.cpp" />
		<Unit filename="..\..\..\src\xerces\util\Transcoders\Iconv390\Iconv390TransService.hpp" />
		<Unit filename="..\..\..\src\xerces\util\Transcoders\Iconv400\Iconv400TransService.cpp" />
		<Unit filename="..\..\..\src\xerces\util\Transcoders\Iconv400\Iconv400TransService.hpp" />
		<Unit filename="..\..\..\src\xerces\util\Transcoders\Iconv400\iconv_cnv.cpp" />
		<Unit filename="..\..\..\src\xerces\util\Transcoders\Iconv400\iconv_cnv.hpp" />
		<Unit filename="..\..\..\src\xerces\util\Transcoders\Iconv400\iconv_util.cpp" />
		<Unit filename="..\..\..\src\xerces\util\Transcoders\Iconv400\iconv_util.hpp" />
		<Unit filename="..\..\..\src\xerces\util\Transcoders\Iconv400\pos400.h" />
		<Unit filename="..\..\..\src\xerces\util\Transcoders\Iconv400\utypes.h" />
		<Unit filename="..\..\..\src\xerces\util\Transcoders\IconvFBSD\IconvFBSDTransService.cpp" />
		<Unit filename="..\..\..\src\xerces\util\Transcoders\IconvFBSD\IconvFBSDTransService.hpp" />
		<Unit filename="..\..\..\src\xerces\util\Transcoders\IconvGNU\IconvGNUTransService.cpp" />
		<Unit filename="..\..\..\src\xerces\util\Transcoders\IconvGNU\IconvGNUTransService.hpp" />
		<Unit filename="..\..\..\src\xerces\util\Transcoders\Iconv\IconvTransService.cpp" />
		<Unit filename="..\..\..\src\xerces\util\Transcoders\Iconv\IconvTransService.hpp" />
		<Unit filename="..\..\..\src\xerces\util\Transcoders\MacOSUnicodeConverter\MacOSUnicodeConverter.cpp" />
		<Unit filename="..\..\..\src\xerces\util\Transcoders\MacOSUnicodeConverter\MacOSUnicodeConverter.hpp" />
		<Unit filename="..\..\..\src\xerces\util\Transcoders\Uniconv390\Uniconv390TransService.cpp" />
		<Unit filename="..\..\..\src\xerces\util\Transcoders\Uniconv390\Uniconv390TransService.hpp" />
		<Unit filename="..\..\..\src\xerces\util\Transcoders\Uniconv390\XML256TableTranscoder390.cpp" />
		<Unit filename="..\..\..\src\xerces\util\Transcoders\Uniconv390\XML256TableTranscoder390.hpp" />
		<Unit filename="..\..\..\src\xerces\util\Transcoders\Uniconv390\XML88591Transcoder390.cpp" />
		<Unit filename="..\..\..\src\xerces\util\Transcoders\Uniconv390\XML88591Transcoder390.hpp" />
		<Unit filename="..\..\..\src\xerces\util\Transcoders\Uniconv390\XMLASCIITranscoder390.cpp" />
		<Unit filename="..\..\..\src\xerces\util\Transcoders\Uniconv390\XMLASCIITranscoder390.hpp" />
		<Unit filename="..\..\..\src\xerces\util\Transcoders\Uniconv390\XMLEBCDICTranscoder390.cpp" />
		<Unit filename="..\..\..\src\xerces\util\Transcoders\Uniconv390\XMLEBCDICTranscoder390.hpp" />
		<Unit filename="..\..\..\src\xerces\util\Transcoders\Uniconv390\XMLIBM1047Transcoder390.cpp" />
		<Unit filename="..\..\..\src\xerces\util\Transcoders\Uniconv390\XMLIBM1047Transcoder390.hpp" />
		<Unit filename="..\..\..\src\xerces\util\Transcoders\Uniconv390\XMLIBM1140Transcoder390.cpp" />
		<Unit filename="..\..\..\src\xerces\util\Transcoders\Uniconv390\XMLIBM1140Transcoder390.hpp" />
		<Unit filename="..\..\..\src\xerces\util\Transcoders\Uniconv390\XMLUTF8Transcoder390.cpp" />
		<Unit filename="..\..\..\src\xerces\util\Transcoders\Uniconv390\XMLUTF8Transcoder390.hpp" />
		<Unit filename="..\..\..\src\xerces\util\Transcoders\Uniconv390\XMLWin1252Transcoder390.cpp" />
		<Unit filename="..\..\..\src\xerces\util\Transcoders\Uniconv390\XMLWin1252Transcoder390.hpp" />
		<Unit filename="..\..\..\src\xerces\util\Transcoders\Uniconv390\ccsid.h" />
		<Unit filename="..\..\..\src\xerces\util\Transcoders\Uniconv390\uniconv.cpp" />
		<Unit filename="..\..\..\src\xerces\util\Transcoders\Uniconv390\uniconv.h" />
		<Unit filename="..\..\..\src\xerces\util\Transcoders\Win32\Win32TransService.cpp" />
		<Unit filename="..\..\..\src\xerces\util\Transcoders\Win32\Win32TransService.hpp" />
		<Unit filename="..\..\..\src\xerces\util\Transcoders\Win32\Win32TransService2.cpp" />
		<Unit filename="..\..\..\src\xerces\util\TranscodingException.hpp" />
		<Unit filename="..\..\..\src\xerces\util\UTFDataFormatException.hpp" />
		<Unit filename="..\..\..\src\xerces\util\UnexpectedEOFException.hpp" />
		<Unit filename="..\..\..\src\xerces\util\UnsupportedEncodingException.hpp" />
		<Unit filename="..\..\..\src\xerces\util\ValueArrayOf.c">
			<Option compilerVar="CC" />
		</Unit>
		<Unit filename="..\..\..\src\xerces\util\ValueArrayOf.hpp" />
		<Unit filename="..\..\..\src\xerces\util\ValueHashTableOf.c">
			<Option compilerVar="CC" />
		</Unit>
		<Unit filename="..\..\..\src\xerces\util\ValueHashTableOf.hpp" />
		<Unit filename="..\..\..\src\xerces\util\ValueStackOf.c">
			<Option compilerVar="CC" />
		</Unit>
		<Unit filename="..\..\..\src\xerces\util\ValueStackOf.hpp" />
		<Unit filename="..\..\..\src\xerces\util\ValueVectorOf.c">
			<Option compilerVar="CC" />
		</Unit>
		<Unit filename="..\..\..\src\xerces\util\ValueVectorOf.hpp" />
		<Unit filename="..\..\..\src\xerces\util\XML256TableTranscoder.cpp" />
		<Unit filename="..\..\..\src\xerces\util\XML256TableTranscoder.hpp" />
		<Unit filename="..\..\..\src\xerces\util\XML88591Transcoder.cpp" />
		<Unit filename="..\..\..\src\xerces\util\XML88591Transcoder.hpp" />
		<Unit filename="..\..\..\src\xerces\util\XMLASCIITranscoder.cpp" />
		<Unit filename="..\..\..\src\xerces\util\XMLASCIITranscoder.hpp" />
		<Unit filename="..\..\..\src\xerces\util\XMLAbstractDoubleFloat.cpp" />
		<Unit filename="..\..\..\src\xerces\util\XMLAbstractDoubleFloat.hpp" />
		<Unit filename="..\..\..\src\xerces\util\XMLBigDecimal.cpp" />
		<Unit filename="..\..\..\src\xerces\util\XMLBigDecimal.hpp" />
		<Unit filename="..\..\..\src\xerces\util\XMLBigInteger.cpp" />
		<Unit filename="..\..\..\src\xerces\util\XMLBigInteger.hpp" />
		<Unit filename="..\..\..\src\xerces\util\XMLChTranscoder.cpp" />
		<Unit filename="..\..\..\src\xerces\util\XMLChTranscoder.hpp" />
		<Unit filename="..\..\..\src\xerces\util\XMLChar.cpp" />
		<Unit filename="..\..\..\src\xerces\util\XMLChar.hpp" />
		<Unit filename="..\..\..\src\xerces\util\XMLDOMMsg.hpp" />
		<Unit filename="..\..\..\src\xerces\util\XMLDateTime.cpp" />
		<Unit filename="..\..\..\src\xerces\util\XMLDateTime.hpp" />
		<Unit filename="..\..\..\src\xerces\util\XMLDeleterFor.c">
			<Option compilerVar="CC" />
		</Unit>
		<Unit filename="..\..\..\src\xerces\util\XMLDeleterFor.hpp" />
		<Unit filename="..\..\..\src\xerces\util\XMLDouble.cpp" />
		<Unit filename="..\..\..\src\xerces\util\XMLDouble.hpp" />
		<Unit filename="..\..\..\src\xerces\util\XMLEBCDICTranscoder.cpp" />
		<Unit filename="..\..\..\src\xerces\util\XMLEBCDICTranscoder.hpp" />
		<Unit filename="..\..\..\src\xerces\util\XMLEntityResolver.hpp" />
		<Unit filename="..\..\..\src\xerces\util\XMLEnumerator.hpp" />
		<Unit filename="..\..\..\src\xerces\util\XMLExceptMsgs.hpp" />
		<Unit filename="..\..\..\src\xerces\util\XMLException.cpp" />
		<Unit filename="..\..\..\src\xerces\util\XMLException.hpp" />
		<Unit filename="..\..\..\src\xerces\util\XMLFloat.cpp" />
		<Unit filename="..\..\..\src\xerces\util\XMLFloat.hpp" />
		<Unit filename="..\..\..\src\xerces\util\XMLHolder.c">
			<Option compilerVar="CC" />
		</Unit>
		<Unit filename="..\..\..\src\xerces\util\XMLHolder.hpp" />
		<Unit filename="..\..\..\src\xerces\util\XMLIBM1047Transcoder.cpp" />
		<Unit filename="..\..\..\src\xerces\util\XMLIBM1047Transcoder.hpp" />
		<Unit filename="..\..\..\src\xerces\util\XMLIBM1140Transcoder.cpp" />
		<Unit filename="..\..\..\src\xerces\util\XMLIBM1140Transcoder.hpp" />
		<Unit filename="..\..\..\src\xerces\util\XMLInitializer.cpp" />
		<Unit filename="..\..\..\src\xerces\util\XMLInitializer.hpp" />
		<Unit filename="..\..\..\src\xerces\util\XMLInteger.hpp" />
		<Unit filename="..\..\..\src\xerces\util\XMLMsgLoader.cpp" />
		<Unit filename="..\..\..\src\xerces\util\XMLMsgLoader.hpp" />
		<Unit filename="..\..\..\src\xerces\util\XMLNetAccessor.hpp" />
		<Unit filename="..\..\..\src\xerces\util\XMLNumber.cpp" />
		<Unit filename="..\..\..\src\xerces\util\XMLNumber.hpp" />
		<Unit filename="..\..\..\src\xerces\util\XMLRegisterCleanup.cpp" />
		<Unit filename="..\..\..\src\xerces\util\XMLRegisterCleanup.hpp" />
		<Unit filename="..\..\..\src\xerces\util\XMLResourceIdentifier.hpp" />
		<Unit filename="..\..\..\src\xerces\util\XMLString.cpp" />
		<Unit filename="..\..\..\src\xerces\util\XMLString.hpp" />
		<Unit filename="..\..\..\src\xerces\util\XMLStringTokenizer.cpp" />
		<Unit filename="..\..\..\src\xerces\util\XMLStringTokenizer.hpp" />
		<Unit filename="..\..\..\src\xerces\util\XMLUCS4Transcoder.hpp" />
		<Unit filename="..\..\..\src\xerces\util\XMLUCSTranscoder.cpp" />
		<Unit filename="..\..\..\src\xerces\util\XMLURL.cpp" />
		<Unit filename="..\..\..\src\xerces\util\XMLURL.hpp" />
		<Unit filename="..\..\..\src\xerces\util\XMLUTF16Transcoder.cpp" />
		<Unit filename="..\..\..\src\xerces\util\XMLUTF16Transcoder.hpp" />
		<Unit filename="..\..\..\src\xerces\util\XMLUTF8Transcoder.cpp" />
		<Unit filename="..\..\..\src\xerces\util\XMLUTF8Transcoder.hpp" />
		<Unit filename="..\..\..\src\xerces\util\XMLUni.cpp" />
		<Unit filename="..\..\..\src\xerces\util\XMLUni.hpp" />
		<Unit filename="..\..\..\src\xerces\util\XMLUniDefs.hpp" />
		<Unit filename="..\..\..\src\xerces\util\XMLUri.cpp" />
		<Unit filename="..\..\..\src\xerces\util\XMLUri.hpp" />
		<Unit filename="..\..\..\src\xerces\util\XMLWin1252Transcoder.cpp" />
		<Unit filename="..\..\..\src\xerces\util\XMLWin1252Transcoder.hpp" />
		<Unit filename="..\..\..\src\xerces\util\XMemory.cpp" />
		<Unit filename="..\..\..\src\xerces\util\XMemory.hpp" />
		<Unit filename="..\..\..\src\xerces\util\XercesDefs.hpp" />
		<Unit filename="..\..\..\src\xerces\util\XercesVersion.hpp" />
		<Unit filename="..\..\..\src\xerces\util\regx\ASCIIRangeFactory.cpp" />
		<Unit filename="..\..\..\src\xerces\util\regx\ASCIIRangeFactory.hpp" />
		<Unit filename="..\..\..\src\xerces\util\regx\BMPattern.cpp" />
		<Unit filename="..\..\..\src\xerces\util\regx\BMPattern.hpp" />
		<Unit filename="..\..\..\src\xerces\util\regx\BlockRangeFactory.cpp" />
		<Unit filename="..\..\..\src\xerces\util\regx\BlockRangeFactory.hpp" />
		<Unit filename="..\..\..\src\xerces\util\regx\CharToken.cpp" />
		<Unit filename="..\..\..\src\xerces\util\regx\CharToken.hpp" />
		<Unit filename="..\..\..\src\xerces\util\regx\ClosureToken.cpp" />
		<Unit filename="..\..\..\src\xerces\util\regx\ClosureToken.hpp" />
		<Unit filename="..\..\..\src\xerces\util\regx\ConcatToken.cpp" />
		<Unit filename="..\..\..\src\xerces\util\regx\ConcatToken.hpp" />
		<Unit filename="..\..\..\src\xerces\util\regx\ConditionToken.cpp" />
		<Unit filename="..\..\..\src\xerces\util\regx\ConditionToken.hpp" />
		<Unit filename="..\..\..\src\xerces\util\regx\Match.cpp" />
		<Unit filename="..\..\..\src\xerces\util\regx\Match.hpp" />
		<Unit filename="..\..\..\src\xerces\util\regx\ModifierToken.cpp" />
		<Unit filename="..\..\..\src\xerces\util\regx\ModifierToken.hpp" />
		<Unit filename="..\..\..\src\xerces\util\regx\Op.cpp" />
		<Unit filename="..\..\..\src\xerces\util\regx\Op.hpp" />
		<Unit filename="..\..\..\src\xerces\util\regx\OpFactory.cpp" />
		<Unit filename="..\..\..\src\xerces\util\regx\OpFactory.hpp" />
		<Unit filename="..\..\..\src\xerces\util\regx\ParenToken.cpp" />
		<Unit filename="..\..\..\src\xerces\util\regx\ParenToken.hpp" />
		<Unit filename="..\..\..\src\xerces\util\regx\ParserForXMLSchema.cpp" />
		<Unit filename="..\..\..\src\xerces\util\regx\ParserForXMLSchema.hpp" />
		<Unit filename="..\..\..\src\xerces\util\regx\RangeFactory.cpp" />
		<Unit filename="..\..\..\src\xerces\util\regx\RangeFactory.hpp" />
		<Unit filename="..\..\..\src\xerces\util\regx\RangeToken.cpp" />
		<Unit filename="..\..\..\src\xerces\util\regx\RangeToken.hpp" />
		<Unit filename="..\..\..\src\xerces\util\regx\RangeTokenMap.cpp" />
		<Unit filename="..\..\..\src\xerces\util\regx\RangeTokenMap.hpp" />
		<Unit filename="..\..\..\src\xerces\util\regx\RegularExpression.cpp" />
		<Unit filename="..\..\..\src\xerces\util\regx\RegularExpression.hpp" />
		<Unit filename="..\..\..\src\xerces\util\regx\RegxDefs.hpp" />
		<Unit filename="..\..\..\src\xerces\util\regx\RegxParser.cpp" />
		<Unit filename="..\..\..\src\xerces\util\regx\RegxParser.hpp" />
		<Unit filename="..\..\..\src\xerces\util\regx\RegxUtil.cpp" />
		<Unit filename="..\..\..\src\xerces\util\regx\RegxUtil.hpp" />
		<Unit filename="..\..\..\src\xerces\util\regx\StringToken.cpp" />
		<Unit filename="..\..\..\src\xerces\util\regx\StringToken.hpp" />
		<Unit filename="..\..\..\src\xerces\util\regx\Token.cpp" />
		<Unit filename="..\..\..\src\xerces\util\regx\Token.hpp" />
		<Unit filename="..\..\..\src\xerces\util\regx\TokenFactory.cpp" />
		<Unit filename="..\..\..\src\xerces\util\regx\TokenFactory.hpp" />
		<Unit filename="..\..\..\src\xerces\util\regx\TokenInc.hpp" />
		<Unit filename="..\..\..\src\xerces\util\regx\UniCharTable.hpp" />
		<Unit filename="..\..\..\src\xerces\util\regx\UnicodeRangeFactory.cpp" />
		<Unit filename="..\..\..\src\xerces\util\regx\UnicodeRangeFactory.hpp" />
		<Unit filename="..\..\..\src\xerces\util\regx\UnionToken.cpp" />
		<Unit filename="..\..\..\src\xerces\util\regx\UnionToken.hpp" />
		<Unit filename="..\..\..\src\xerces\util\regx\XMLRangeFactory.cpp" />
		<Unit filename="..\..\..\src\xerces\util\regx\XMLRangeFactory.hpp" />
		<Unit filename="..\..\..\src\xerces\util\regx\XMLUniCharacter.cpp" />
		<Unit filename="..\..\..\src\xerces\util\regx\XMLUniCharacter.hpp" />
		<Unit filename="..\..\..\src\xerces\validators\DTD\DTDAttDef.cpp" />
		<Unit filename="..\..\..\src\xerces\validators\DTD\DTDAttDef.hpp" />
		<Unit filename="..\..\..\src\xerces\validators\DTD\DTDAttDefList.cpp" />
		<Unit filename="..\..\..\src\xerces\validators\DTD\DTDAttDefList.hpp" />
		<Unit filename="..\..\..\src\xerces\validators\DTD\DTDElementDecl.cpp" />
		<Unit filename="..\..\..\src\xerces\validators\DTD\DTDElementDecl.hpp" />
		<Unit filename="..\..\..\src\xerces\validators\DTD\DTDEntityDecl.cpp" />
		<Unit filename="..\..\..\src\xerces\validators\DTD\DTDEntityDecl.hpp" />
		<Unit filename="..\..\..\src\xerces\validators\DTD\DTDGrammar.cpp" />
		<Unit filename="..\..\..\src\xerces\validators\DTD\DTDGrammar.hpp" />
		<Unit filename="..\..\..\src\xerces\validators\DTD\DTDScanner.cpp" />
		<Unit filename="..\..\..\src\xerces\validators\DTD\DTDScanner.hpp" />
		<Unit filename="..\..\..\src\xerces\validators\DTD\DTDValidator.cpp" />
		<Unit filename="..\..\..\src\xerces\validators\DTD\DTDValidator.hpp" />
		<Unit filename="..\..\..\src\xerces\validators\DTD\DocTypeHandler.hpp" />
		<Unit filename="..\..\..\src\xerces\validators\DTD\XMLDTDDescriptionImpl.cpp" />
		<Unit filename="..\..\..\src\xerces\validators\DTD\XMLDTDDescriptionImpl.hpp" />
		<Unit filename="..\..\..\src\xerces\validators\common\AllContentModel.cpp" />
		<Unit filename="..\..\..\src\xerces\validators\common\AllContentModel.hpp" />
		<Unit filename="..\..\..\src\xerces\validators\common\CMAny.cpp" />
		<Unit filename="..\..\..\src\xerces\validators\common\CMAny.hpp" />
		<Unit filename="..\..\..\src\xerces\validators\common\CMBinaryOp.cpp" />
		<Unit filename="..\..\..\src\xerces\validators\common\CMBinaryOp.hpp" />
		<Unit filename="..\..\..\src\xerces\validators\common\CMLeaf.hpp" />
		<Unit filename="..\..\..\src\xerces\validators\common\CMNode.hpp" />
		<Unit filename="..\..\..\src\xerces\validators\common\CMStateSet.hpp" />
		<Unit filename="..\..\..\src\xerces\validators\common\CMUnaryOp.cpp" />
		<Unit filename="..\..\..\src\xerces\validators\common\CMUnaryOp.hpp" />
		<Unit filename="..\..\..\src\xerces\validators\common\ContentLeafNameTypeVector.cpp" />
		<Unit filename="..\..\..\src\xerces\validators\common\ContentLeafNameTypeVector.hpp" />
		<Unit filename="..\..\..\src\xerces\validators\common\ContentSpecNode.cpp" />
		<Unit filename="..\..\..\src\xerces\validators\common\ContentSpecNode.hpp" />
		<Unit filename="..\..\..\src\xerces\validators\common\DFAContentModel.cpp" />
		<Unit filename="..\..\..\src\xerces\validators\common\DFAContentModel.hpp" />
		<Unit filename="..\..\..\src\xerces\validators\common\Grammar.cpp" />
		<Unit filename="..\..\..\src\xerces\validators\common\Grammar.hpp" />
		<Unit filename="..\..\..\src\xerces\validators\common\GrammarResolver.cpp" />
		<Unit filename="..\..\..\src\xerces\validators\common\GrammarResolver.hpp" />
		<Unit filename="..\..\..\src\xerces\validators\common\MixedContentModel.cpp" />
		<Unit filename="..\..\..\src\xerces\validators\common\MixedContentModel.hpp" />
		<Unit filename="..\..\..\src\xerces\validators\common\SimpleContentModel.cpp" />
		<Unit filename="..\..\..\src\xerces\validators\common\SimpleContentModel.hpp" />
		<Unit filename="..\..\..\src\xerces\validators\datatype\AbstractNumericFacetValidator.cpp" />
		<Unit filename="..\..\..\src\xerces\validators\datatype\AbstractNumericFacetValidator.hpp" />
		<Unit filename="..\..\..\src\xerces\validators\datatype\AbstractNumericValidator.cpp" />
		<Unit filename="..\..\..\src\xerces\validators\datatype\AbstractNumericValidator.hpp" />
		<Unit filename="..\..\..\src\xerces\validators\datatype\AbstractStringValidator.cpp" />
		<Unit filename="..\..\..\src\xerces\validators\datatype\AbstractStringValidator.hpp" />
		<Unit filename="..\..\..\src\xerces\validators\datatype\AnySimpleTypeDatatypeValidator.cpp" />
		<Unit filename="..\..\..\src\xerces\validators\datatype\AnySimpleTypeDatatypeValidator.hpp" />
		<Unit filename="..\..\..\src\xerces\validators\datatype\AnyURIDatatypeValidator.cpp" />
		<Unit filename="..\..\..\src\xerces\validators\datatype\AnyURIDatatypeValidator.hpp" />
		<Unit filename="..\..\..\src\xerces\validators\datatype\Base64BinaryDatatypeValidator.cpp" />
		<Unit filename="..\..\..\src\xerces\validators\datatype\Base64BinaryDatatypeValidator.hpp" />
		<Unit filename="..\..\..\src\xerces\validators\datatype\BooleanDatatypeValidator.cpp" />
		<Unit filename="..\..\..\src\xerces\validators\datatype\BooleanDatatypeValidator.hpp" />
		<Unit filename="..\..\..\src\xerces\validators\datatype\DatatypeValidator.cpp" />
		<Unit filename="..\..\..\src\xerces\validators\datatype\DatatypeValidator.hpp" />
		<Unit filename="..\..\..\src\xerces\validators\datatype\DatatypeValidatorFactory.cpp" />
		<Unit filename="..\..\..\src\xerces\validators\datatype\DatatypeValidatorFactory.hpp" />
		<Unit filename="..\..\..\src\xerces\validators\datatype\DateDatatypeValidator.cpp" />
		<Unit filename="..\..\..\src\xerces\validators\datatype\DateDatatypeValidator.hpp" />
		<Unit filename="..\..\..\src\xerces\validators\datatype\DateTimeDatatypeValidator.cpp" />
		<Unit filename="..\..\..\src\xerces\validators\datatype\DateTimeDatatypeValidator.hpp" />
		<Unit filename="..\..\..\src\xerces\validators\datatype\DateTimeValidator.cpp" />
		<Unit filename="..\..\..\src\xerces\validators\datatype\DateTimeValidator.hpp" />
		<Unit filename="..\..\..\src\xerces\validators\datatype\DayDatatypeValidator.cpp" />
		<Unit filename="..\..\..\src\xerces\validators\datatype\DayDatatypeValidator.hpp" />
		<Unit filename="..\..\..\src\xerces\validators\datatype\DecimalDatatypeValidator.cpp" />
		<Unit filename="..\..\..\src\xerces\validators\datatype\DecimalDatatypeValidator.hpp" />
		<Unit filename="..\..\..\src\xerces\validators\datatype\DoubleDatatypeValidator.cpp" />
		<Unit filename="..\..\..\src\xerces\validators\datatype\DoubleDatatypeValidator.hpp" />
		<Unit filename="..\..\..\src\xerces\validators\datatype\DurationDatatypeValidator.cpp" />
		<Unit filename="..\..\..\src\xerces\validators\datatype\DurationDatatypeValidator.hpp" />
		<Unit filename="..\..\..\src\xerces\validators\datatype\ENTITYDatatypeValidator.cpp" />
		<Unit filename="..\..\..\src\xerces\validators\datatype\ENTITYDatatypeValidator.hpp" />
		<Unit filename="..\..\..\src\xerces\validators\datatype\FloatDatatypeValidator.cpp" />
		<Unit filename="..\..\..\src\xerces\validators\datatype\FloatDatatypeValidator.hpp" />
		<Unit filename="..\..\..\src\xerces\validators\datatype\HexBinaryDatatypeValidator.cpp" />
		<Unit filename="..\..\..\src\xerces\validators\datatype\HexBinaryDatatypeValidator.hpp" />
		<Unit filename="..\..\..\src\xerces\validators\datatype\IDDatatypeValidator.cpp" />
		<Unit filename="..\..\..\src\xerces\validators\datatype\IDDatatypeValidator.hpp" />
		<Unit filename="..\..\..\src\xerces\validators\datatype\IDREFDatatypeValidator.cpp" />
		<Unit filename="..\..\..\src\xerces\validators\datatype\IDREFDatatypeValidator.hpp" />
		<Unit filename="..\..\..\src\xerces\validators\datatype\InvalidDatatypeFacetException.hpp" />
		<Unit filename="..\..\..\src\xerces\validators\datatype\InvalidDatatypeValueException.hpp" />
		<Unit filename="..\..\..\src\xerces\validators\datatype\ListDatatypeValidator.cpp" />
		<Unit filename="..\..\..\src\xerces\validators\datatype\ListDatatypeValidator.hpp" />
		<Unit filename="..\..\..\src\xerces\validators\datatype\MonthDatatypeValidator.cpp" />
		<Unit filename="..\..\..\src\xerces\validators\datatype\MonthDatatypeValidator.hpp" />
		<Unit filename="..\..\..\src\xerces\validators\datatype\MonthDayDatatypeValidator.cpp" />
		<Unit filename="..\..\..\src\xerces\validators\datatype\MonthDayDatatypeValidator.hpp" />
		<Unit filename="..\..\..\src\xerces\validators\datatype\NCNameDatatypeValidator.cpp" />
		<Unit filename="..\..\..\src\xerces\validators\datatype\NCNameDatatypeValidator.hpp" />
		<Unit filename="..\..\..\src\xerces\validators\datatype\NOTATIONDatatypeValidator.cpp" />
		<Unit filename="..\..\..\src\xerces\validators\datatype\NOTATIONDatatypeValidator.hpp" />
		<Unit filename="..\..\..\src\xerces\validators\datatype\NameDatatypeValidator.cpp" />
		<Unit filename="..\..\..\src\xerces\validators\datatype\NameDatatypeValidator.hpp" />
		<Unit filename="..\..\..\src\xerces\validators\datatype\QNameDatatypeValidator.cpp" />
		<Unit filename="..\..\..\src\xerces\validators\datatype\QNameDatatypeValidator.hpp" />
		<Unit filename="..\..\..\src\xerces\validators\datatype\StringDatatypeValidator.cpp" />
		<Unit filename="..\..\..\src\xerces\validators\datatype\StringDatatypeValidator.hpp" />
		<Unit filename="..\..\..\src\xerces\validators\datatype\TimeDatatypeValidator.cpp" />
		<Unit filename="..\..\..\src\xerces\validators\datatype\TimeDatatypeValidator.hpp" />
		<Unit filename="..\..\..\src\xerces\validators\datatype\UnionDatatypeValidator.cpp" />
		<Unit filename="..\..\..\src\xerces\validators\datatype\UnionDatatypeValidator.hpp" />
		<Unit filename="..\..\..\src\xerces\validators\datatype\XMLCanRepGroup.cpp" />
		<Unit filename="..\..\..\src\xerces\validators\datatype\XMLCanRepGroup.hpp" />
		<Unit filename="..\..\..\src\xerces\validators\datatype\YearDatatypeValidator.cpp" />
		<Unit filename="..\..\..\src\xerces\validators\datatype\YearDatatypeValidator.hpp" />
		<Unit filename="..\..\..\src\xerces\validators\datatype\YearMonthDatatypeValidator.cpp" />
		<Unit filename="..\..\..\src\xerces\validators\datatype\YearMonthDatatypeValidator.hpp" />
		<Unit filename="..\..\..\src\xerces\validators\schema\ComplexTypeInfo.cpp" />
		<Unit filename="..\..\..\src\xerces\validators\schema\ComplexTypeInfo.hpp" />
		<Unit filename="..\..\..\src\xerces\validators\schema\GeneralAttributeCheck.cpp" />
		<Unit filename="..\..\..\src\xerces\validators\schema\GeneralAttributeCheck.hpp" />
		<Unit filename="..\..\..\src\xerces\validators\schema\NamespaceScope.cpp" />
		<Unit filename="..\..\..\src\xerces\validators\schema\NamespaceScope.hpp" />
		<Unit filename="..\..\..\src\xerces\validators\schema\PSVIDefs.hpp" />
		<Unit filename="..\..\..\src\xerces\validators\schema\SchemaAttDef.cpp" />
		<Unit filename="..\..\..\src\xerces\validators\schema\SchemaAttDef.hpp" />
		<Unit filename="..\..\..\src\xerces\validators\schema\SchemaAttDefList.cpp" />
		<Unit filename="..\..\..\src\xerces\validators\schema\SchemaAttDefList.hpp" />
		<Unit filename="..\..\..\src\xerces\validators\schema\SchemaElementDecl.cpp" />
		<Unit filename="..\..\..\src\xerces\validators\schema\SchemaElementDecl.hpp" />
		<Unit filename="..\..\..\src\xerces\validators\schema\SchemaGrammar.cpp" />
		<Unit filename="..\..\..\src\xerces\validators\schema\SchemaGrammar.hpp" />
		<Unit filename="..\..\..\src\xerces\validators\schema\SchemaInfo.cpp" />
		<Unit filename="..\..\..\src\xerces\validators\schema\SchemaInfo.hpp" />
		<Unit filename="..\..\..\src\xerces\validators\schema\SchemaSymbols.cpp" />
		<Unit filename="..\..\..\src\xerces\validators\schema\SchemaSymbols.hpp" />
		<Unit filename="..\..\..\src\xerces\validators\schema\SchemaValidator.cpp" />
		<Unit filename="..\..\..\src\xerces\validators\schema\SchemaValidator.hpp" />
		<Unit filename="..\..\..\src\xerces\validators\schema\SubstitutionGroupComparator.cpp" />
		<Unit filename="..\..\..\src\xerces\validators\schema\SubstitutionGroupComparator.hpp" />
		<Unit filename="..\..\..\src\xerces\validators\schema\TraverseSchema.cpp" />
		<Unit filename="..\..\..\src\xerces\validators\schema\TraverseSchema.hpp" />
		<Unit filename="..\..\..\src\xerces\validators\schema\XMLSchemaDescriptionImpl.cpp" />
		<Unit filename="..\..\..\src\xerces\validators\schema\XMLSchemaDescriptionImpl.hpp" />
		<Unit filename="..\..\..\src\xerces\validators\schema\XSDDOMParser.cpp" />
		<Unit filename="..\..\..\src\xerces\validators\schema\XSDDOMParser.hpp" />
		<Unit filename="..\..\..\src\xerces\validators\schema\XSDErrorReporter.cpp" />
		<Unit filename="..\..\..\src\xerces\validators\schema\XSDErrorReporter.hpp" />
		<Unit filename="..\..\..\src\xerces\validators\schema\XSDLocator.cpp" />
		<Unit filename="..\..\..\src\xerces\validators\schema\XSDLocator.hpp" />
		<Unit filename="..\..\..\src\xerces\validators\schema\XUtil.cpp" />
		<Unit filename="..\..\..\src\xerces\validators\schema\XUtil.hpp" />
		<Unit filename="..\..\..\src\xerces\validators\schema\XercesAttGroupInfo.cpp" />
		<Unit filename="..\..\..\src\xerces\validators\schema\XercesAttGroupInfo.hpp" />
		<Unit filename="..\..\..\src\xerces\validators\schema\XercesElementWildcard.cpp" />
		<Unit filename="..\..\..\src\xerces\validators\schema\XercesElementWildcard.hpp" />
		<Unit filename="..\..\..\src\xerces\validators\schema\XercesGroupInfo.cpp" />
		<Unit filename="..\..\..\src\xerces\validators\schema\XercesGroupInfo.hpp" />
		<Unit filename="..\..\..\src\xerces\validators\schema\identity\FieldActivator.cpp" />
		<Unit filename="..\..\..\src\xerces\validators\schema\identity\FieldActivator.hpp" />
		<Unit filename="..\..\..\src\xerces\validators\schema\identity\FieldValueMap.cpp" />
		<Unit filename="..\..\..\src\xerces\validators\schema\identity\FieldValueMap.hpp" />
		<Unit filename="..\..\..\src\xerces\validators\schema\identity\IC_Field.cpp" />
		<Unit filename="..\..\..\src\xerces\validators\schema\identity\IC_Field.hpp" />
		<Unit filename="..\..\..\src\xerces\validators\schema\identity\IC_Key.cpp" />
		<Unit filename="..\..\..\src\xerces\validators\schema\identity\IC_Key.hpp" />
		<Unit filename="..\..\..\src\xerces\validators\schema\identity\IC_KeyRef.cpp" />
		<Unit filename="..\..\..\src\xerces\validators\schema\identity\IC_KeyRef.hpp" />
		<Unit filename="..\..\..\src\xerces\validators\schema\identity\IC_Selector.cpp" />
		<Unit filename="..\..\..\src\xerces\validators\schema\identity\IC_Selector.hpp" />
		<Unit filename="..\..\..\src\xerces\validators\schema\identity\IC_Unique.cpp" />
		<Unit filename="..\..\..\src\xerces\validators\schema\identity\IC_Unique.hpp" />
		<Unit filename="..\..\..\src\xerces\validators\schema\identity\IdentityConstraint.cpp" />
		<Unit filename="..\..\..\src\xerces\validators\schema\identity\IdentityConstraint.hpp" />
		<Unit filename="..\..\..\src\xerces\validators\schema\identity\IdentityConstraintHandler.cpp" />
		<Unit filename="..\..\..\src\xerces\validators\schema\identity\IdentityConstraintHandler.hpp" />
		<Unit filename="..\..\..\src\xerces\validators\schema\identity\ValueStore.cpp" />
		<Unit filename="..\..\..\src\xerces\validators\schema\identity\ValueStore.hpp" />
		<Unit filename="..\..\..\src\xerces\validators\schema\identity\ValueStoreCache.cpp" />
		<Unit filename="..\..\..\src\xerces\validators\schema\identity\ValueStoreCache.hpp" />
		<Unit filename="..\..\..\src\xerces\validators\schema\identity\XPathException.hpp" />
		<Unit filename="..\..\..\src\xerces\validators\schema\identity\XPathMatcher.cpp" />
		<Unit filename="..\..\..\src\xerces\validators\schema\identity\XPathMatcher.hpp" />
		<Unit filename="..\..\..\src\xerces\validators\schema\identity\XPathMatcherStack.cpp" />
		<Unit filename="..\..\..\src\xerces\validators\schema\identity\XPathMatcherStack.hpp" />
		<Unit filename="..\..\..\src\xerces\validators\schema\identity\XPathSymbols.cpp" />
		<Unit filename="..\..\..\src\xerces\validators\schema\identity\XPathSymbols.hpp" />
		<Unit filename="..\..\..\src\xerces\validators\schema\identity\XercesXPath.cpp" />
		<Unit filename="..\..\..\src\xerces\validators\schema\identity\XercesXPath.hpp" />
		<Extensions>
			<code_completion />
			<envvars />
			<debugger />
			<lib_finder disable_auto="1" />
		</Extensions>
	</Project>
</CodeBlocks_project_file>
