<?xml version="1.0" encoding="UTF-8" standalone="yes" ?>
<CodeBlocks_project_file>
	<FileVersion major="1" minor="6" />
	<Project>
		<Option title="cctrl" />
		<Option pch_mode="2" />
		<Option compiler="gcc" />
		<Build>
			<Target title="Debug">
				<Option output="libcctrlD" prefix_auto="1" extension_auto="1" />
				<Option working_dir="" />
				<Option object_output="obj\Debug\" />
				<Option type="2" />
				<Option compiler="gcc" />
				<Option createDefFile="1" />
				<Compiler>
					<Add option="-Wall" />
					<Add option="-g" />
					<Add option="-DWIN32" />
					<Add option="-DDEBUG" />
				</Compiler>
				<ExtraCommands>
					<Add after="postbuildD.bat $(BASEPATH) $(CFRAMEWORK)" />
				</ExtraCommands>
			</Target>
			<Target title="Release">
				<Option output="libcctrl" prefix_auto="1" extension_auto="1" />
				<Option working_dir="" />
				<Option object_output="obj\Release\" />
				<Option type="2" />
				<Option compiler="gcc" />
				<Option createDefFile="1" />
				<Compiler>
					<Add option="-O2" />
					<Add option="-Wall" />
					<Add option="-DWIN32" />
				</Compiler>
				<Linker>
					<Add option="-s" />
				</Linker>
				<ExtraCommands>
					<Add after="postbuildR.bat $(BASEPATH) $(CFRAMEWORK)" />
				</ExtraCommands>
			</Target>
			<Environment>
				<Variable name="CFRAMEWORK" value="../../.." />
				<Variable name="BASEPATH" value="../../../core/cctrl" />
			</Environment>
		</Build>
		<Compiler>
			<Add option="-mthreads" />
			<Add directory="$(CFRAMEWORK)\ext\stlport\stlport" />
			<Add directory="$(CFRAMEWORK)\core\cofiles\include" />
			<Add directory="$(CFRAMEWORK)\core\cgui\include" />
			<Add directory="$(BASEPATH)\include" />
		</Compiler>
		<Unit filename="..\..\..\core\cctrl\include\cctrl\ActivateEvent.h" />
		<Unit filename="..\..\..\core\cctrl\include\cctrl\App.h" />
		<Unit filename="..\..\..\core\cctrl\include\cctrl\CloseScreenMsg.h" />
		<Unit filename="..\..\..\core\cctrl\include\cctrl\Controls.h" />
		<Unit filename="..\..\..\core\cctrl\include\cctrl\FocusEvent.h" />
		<Unit filename="..\..\..\core\cctrl\include\cctrl\Globals.h" />
		<Unit filename="..\..\..\core\cctrl\include\cctrl\GuiEvent.h" />
		<Unit filename="..\..\..\core\cctrl\include\cctrl\GuiRecord.h" />
		<Unit filename="..\..\..\core\cctrl\include\cctrl\GuiRecordPlayer.h" />
		<Unit filename="..\..\..\core\cctrl\include\cctrl\GuiRecorder.h" />
		<Unit filename="..\..\..\core\cctrl\include\cctrl\HighlightEvent.h" />
		<Unit filename="..\..\..\core\cctrl\include\cctrl\Message.h" />
		<Unit filename="..\..\..\core\cctrl\include\cctrl\MessageID.h" />
		<Unit filename="..\..\..\core\cctrl\include\cctrl\MouseEvent.h" />
		<Unit filename="..\..\..\core\cctrl\include\cctrl\ScreenManager.h" />
		<Unit filename="..\..\..\core\cctrl\include\cctrl\ScreenManager.inl" />
		<Unit filename="..\..\..\core\cctrl\include\cctrl\WindowController.inl" />
		<Unit filename="..\..\..\core\cctrl\include\cctrl\Windowcontroller.h" />
		<Unit filename="..\..\..\core\cctrl\src\App.cpp" />
		<Unit filename="..\..\..\core\cctrl\src\CloseScreenMsg.cpp" />
		<Unit filename="..\..\..\core\cctrl\src\FocusEvent.cpp" />
		<Unit filename="..\..\..\core\cctrl\src\Globals.cpp" />
		<Unit filename="..\..\..\core\cctrl\src\GuiEvent.cpp" />
		<Unit filename="..\..\..\core\cctrl\src\GuiRecord.cpp" />
		<Unit filename="..\..\..\core\cctrl\src\GuiRecordPlayer.cpp" />
		<Unit filename="..\..\..\core\cctrl\src\GuiRecorder.cpp" />
		<Unit filename="..\..\..\core\cctrl\src\Message.cpp" />
		<Unit filename="..\..\..\core\cctrl\src\MouseEvent.cpp" />
		<Unit filename="..\..\..\core\cctrl\src\ScreenManager.cpp" />
		<Unit filename="..\..\..\core\cctrl\src\WindowController.cpp" />
		<Unit filename="postbuildD.bat">
			<Option target="Debug" />
		</Unit>
		<Unit filename="postbuildR.bat">
			<Option target="Release" />
		</Unit>
		<Extensions>
			<code_completion />
			<envvars />
			<debugger />
			<lib_finder disable_auto="1" />
		</Extensions>
	</Project>
</CodeBlocks_project_file>
