
Microsoft Visual Studio Solution File, Format Version 10.00
# Visual Studio 2008
Project("{8BC9CEB8-8B4A-11D0-8D11-00A0C91BC942}") = "cmadtvclient", "cmadtvclient.vcproj", "{429BBED9-A325-4BCE-8828-F116277DC3DA}"
	ProjectSection(ProjectDependencies) = postProject
		{BB691015-EF65-4302-B4D0-990252B335AF} = {BB691015-EF65-4302-B4D0-990252B335AF}
		{0D56782B-A12A-49A3-88ED-51962AFC2385} = {0D56782B-A12A-49A3-88ED-51962AFC2385}
		{FA736082-350C-4ABE-B62D-D2FDDA0B3B17} = {FA736082-350C-4ABE-B62D-D2FDDA0B3B17}
		{51AADB9A-8431-4446-A93E-FE3872FD3F29} = {51AADB9A-8431-4446-A93E-FE3872FD3F29}
		{D6C1149D-2200-45DB-95F7-9797BB50D5A4} = {D6C1149D-2200-45DB-95F7-9797BB50D5A4}
		{6DC3A0BB-5837-4BBA-8830-C50E671B11C0} = {6DC3A0BB-5837-4BBA-8830-C50E671B11C0}
		{36B032F2-07E3-4FA9-8B35-4B57717B310D} = {36B032F2-07E3-4FA9-8B35-4B57717B310D}
	EndProjectSection
EndProject
Project("{8BC9CEB8-8B4A-11D0-8D11-00A0C91BC942}") = "cfoundation", "..\cfoundation\cfoundation.vcproj", "{D6C1149D-2200-45DB-95F7-9797BB50D5A4}"
EndProject
Project("{8BC9CEB8-8B4A-11D0-8D11-00A0C91BC942}") = "cgui", "..\cgui\cgui.vcproj", "{36B032F2-07E3-4FA9-8B35-4B57717B310D}"
	ProjectSection(ProjectDependencies) = postProject
		{0D56782B-A12A-49A3-88ED-51962AFC2385} = {0D56782B-A12A-49A3-88ED-51962AFC2385}
		{D6C1149D-2200-45DB-95F7-9797BB50D5A4} = {D6C1149D-2200-45DB-95F7-9797BB50D5A4}
	EndProjectSection
EndProject
Project("{8BC9CEB8-8B4A-11D0-8D11-00A0C91BC942}") = "cguicontrols", "..\cguicontrols\cguicontrols.vcproj", "{51AADB9A-8431-4446-A93E-FE3872FD3F29}"
EndProject
Project("{8BC9CEB8-8B4A-11D0-8D11-00A0C91BC942}") = "cmadtvdata", "..\cmadtvdata\cmadtvdata.vcproj", "{FA736082-350C-4ABE-B62D-D2FDDA0B3B17}"
	ProjectSection(ProjectDependencies) = postProject
		{0D56782B-A12A-49A3-88ED-51962AFC2385} = {0D56782B-A12A-49A3-88ED-51962AFC2385}
		{D6C1149D-2200-45DB-95F7-9797BB50D5A4} = {D6C1149D-2200-45DB-95F7-9797BB50D5A4}
	EndProjectSection
EndProject
Project("{8BC9CEB8-8B4A-11D0-8D11-00A0C91BC942}") = "cmadtv", "..\cmadtv\cmadtv.vcproj", "{BB691015-EF65-4302-B4D0-990252B335AF}"
	ProjectSection(ProjectDependencies) = postProject
		{0D56782B-A12A-49A3-88ED-51962AFC2385} = {0D56782B-A12A-49A3-88ED-51962AFC2385}
		{FA736082-350C-4ABE-B62D-D2FDDA0B3B17} = {FA736082-350C-4ABE-B62D-D2FDDA0B3B17}
		{51AADB9A-8431-4446-A93E-FE3872FD3F29} = {51AADB9A-8431-4446-A93E-FE3872FD3F29}
		{D6C1149D-2200-45DB-95F7-9797BB50D5A4} = {D6C1149D-2200-45DB-95F7-9797BB50D5A4}
		{6DC3A0BB-5837-4BBA-8830-C50E671B11C0} = {6DC3A0BB-5837-4BBA-8830-C50E671B11C0}
		{36B032F2-07E3-4FA9-8B35-4B57717B310D} = {36B032F2-07E3-4FA9-8B35-4B57717B310D}
	EndProjectSection
EndProject
Project("{8BC9CEB8-8B4A-11D0-8D11-00A0C91BC942}") = "cctrl", "..\cctrl\cctrl.vcproj", "{6DC3A0BB-5837-4BBA-8830-C50E671B11C0}"
	ProjectSection(ProjectDependencies) = postProject
		{51AADB9A-8431-4446-A93E-FE3872FD3F29} = {51AADB9A-8431-4446-A93E-FE3872FD3F29}
		{36B032F2-07E3-4FA9-8B35-4B57717B310D} = {36B032F2-07E3-4FA9-8B35-4B57717B310D}
	EndProjectSection
EndProject
Project("{8BC9CEB8-8B4A-11D0-8D11-00A0C91BC942}") = "csystem", "..\csystem\csystem.vcproj", "{0D56782B-A12A-49A3-88ED-51962AFC2385}"
EndProject
Global
	GlobalSection(SolutionConfigurationPlatforms) = preSolution
		Debug|Win32 = Debug|Win32
		Hybrid|Win32 = Hybrid|Win32
		Release|Win32 = Release|Win32
	EndGlobalSection
	GlobalSection(ProjectConfigurationPlatforms) = postSolution
		{429BBED9-A325-4BCE-8828-F116277DC3DA}.Debug|Win32.ActiveCfg = Debug|Win32
		{429BBED9-A325-4BCE-8828-F116277DC3DA}.Debug|Win32.Build.0 = Debug|Win32
		{429BBED9-A325-4BCE-8828-F116277DC3DA}.Hybrid|Win32.ActiveCfg = Hybrid|Win32
		{429BBED9-A325-4BCE-8828-F116277DC3DA}.Hybrid|Win32.Build.0 = Hybrid|Win32
		{429BBED9-A325-4BCE-8828-F116277DC3DA}.Release|Win32.ActiveCfg = Release|Win32
		{429BBED9-A325-4BCE-8828-F116277DC3DA}.Release|Win32.Build.0 = Release|Win32
		{D6C1149D-2200-45DB-95F7-9797BB50D5A4}.Debug|Win32.ActiveCfg = Debug|Win32
		{D6C1149D-2200-45DB-95F7-9797BB50D5A4}.Debug|Win32.Build.0 = Debug|Win32
		{D6C1149D-2200-45DB-95F7-9797BB50D5A4}.Hybrid|Win32.ActiveCfg = Hybrid|Win32
		{D6C1149D-2200-45DB-95F7-9797BB50D5A4}.Hybrid|Win32.Build.0 = Hybrid|Win32
		{D6C1149D-2200-45DB-95F7-9797BB50D5A4}.Release|Win32.ActiveCfg = Release|Win32
		{D6C1149D-2200-45DB-95F7-9797BB50D5A4}.Release|Win32.Build.0 = Release|Win32
		{36B032F2-07E3-4FA9-8B35-4B57717B310D}.Debug|Win32.ActiveCfg = Debug|Win32
		{36B032F2-07E3-4FA9-8B35-4B57717B310D}.Debug|Win32.Build.0 = Debug|Win32
		{36B032F2-07E3-4FA9-8B35-4B57717B310D}.Hybrid|Win32.ActiveCfg = Hybrid|Win32
		{36B032F2-07E3-4FA9-8B35-4B57717B310D}.Hybrid|Win32.Build.0 = Hybrid|Win32
		{36B032F2-07E3-4FA9-8B35-4B57717B310D}.Release|Win32.ActiveCfg = Release|Win32
		{36B032F2-07E3-4FA9-8B35-4B57717B310D}.Release|Win32.Build.0 = Release|Win32
		{51AADB9A-8431-4446-A93E-FE3872FD3F29}.Debug|Win32.ActiveCfg = Debug|Win32
		{51AADB9A-8431-4446-A93E-FE3872FD3F29}.Debug|Win32.Build.0 = Debug|Win32
		{51AADB9A-8431-4446-A93E-FE3872FD3F29}.Hybrid|Win32.ActiveCfg = Hybrid|Win32
		{51AADB9A-8431-4446-A93E-FE3872FD3F29}.Hybrid|Win32.Build.0 = Hybrid|Win32
		{51AADB9A-8431-4446-A93E-FE3872FD3F29}.Release|Win32.ActiveCfg = Release|Win32
		{51AADB9A-8431-4446-A93E-FE3872FD3F29}.Release|Win32.Build.0 = Release|Win32
		{FA736082-350C-4ABE-B62D-D2FDDA0B3B17}.Debug|Win32.ActiveCfg = Debug|Win32
		{FA736082-350C-4ABE-B62D-D2FDDA0B3B17}.Debug|Win32.Build.0 = Debug|Win32
		{FA736082-350C-4ABE-B62D-D2FDDA0B3B17}.Hybrid|Win32.ActiveCfg = Hybrid|Win32
		{FA736082-350C-4ABE-B62D-D2FDDA0B3B17}.Hybrid|Win32.Build.0 = Hybrid|Win32
		{FA736082-350C-4ABE-B62D-D2FDDA0B3B17}.Release|Win32.ActiveCfg = Release|Win32
		{FA736082-350C-4ABE-B62D-D2FDDA0B3B17}.Release|Win32.Build.0 = Release|Win32
		{BB691015-EF65-4302-B4D0-990252B335AF}.Debug|Win32.ActiveCfg = Debug|Win32
		{BB691015-EF65-4302-B4D0-990252B335AF}.Debug|Win32.Build.0 = Debug|Win32
		{BB691015-EF65-4302-B4D0-990252B335AF}.Hybrid|Win32.ActiveCfg = Hybrid|Win32
		{BB691015-EF65-4302-B4D0-990252B335AF}.Hybrid|Win32.Build.0 = Hybrid|Win32
		{BB691015-EF65-4302-B4D0-990252B335AF}.Release|Win32.ActiveCfg = Release|Win32
		{BB691015-EF65-4302-B4D0-990252B335AF}.Release|Win32.Build.0 = Release|Win32
		{6DC3A0BB-5837-4BBA-8830-C50E671B11C0}.Debug|Win32.ActiveCfg = Debug|Win32
		{6DC3A0BB-5837-4BBA-8830-C50E671B11C0}.Debug|Win32.Build.0 = Debug|Win32
		{6DC3A0BB-5837-4BBA-8830-C50E671B11C0}.Hybrid|Win32.ActiveCfg = Hybrid|Win32
		{6DC3A0BB-5837-4BBA-8830-C50E671B11C0}.Hybrid|Win32.Build.0 = Hybrid|Win32
		{6DC3A0BB-5837-4BBA-8830-C50E671B11C0}.Release|Win32.ActiveCfg = Release|Win32
		{6DC3A0BB-5837-4BBA-8830-C50E671B11C0}.Release|Win32.Build.0 = Release|Win32
		{0D56782B-A12A-49A3-88ED-51962AFC2385}.Debug|Win32.ActiveCfg = Debug|Win32
		{0D56782B-A12A-49A3-88ED-51962AFC2385}.Debug|Win32.Build.0 = Debug|Win32
		{0D56782B-A12A-49A3-88ED-51962AFC2385}.Hybrid|Win32.ActiveCfg = Hybrid|Win32
		{0D56782B-A12A-49A3-88ED-51962AFC2385}.Hybrid|Win32.Build.0 = Hybrid|Win32
		{0D56782B-A12A-49A3-88ED-51962AFC2385}.Release|Win32.ActiveCfg = Release|Win32
		{0D56782B-A12A-49A3-88ED-51962AFC2385}.Release|Win32.Build.0 = Release|Win32
	EndGlobalSection
	GlobalSection(SolutionProperties) = preSolution
		HideSolutionNode = FALSE
	EndGlobalSection
EndGlobal
