
Microsoft Visual Studio Solution File, Format Version 10.00
# Visual Studio 2008
Project("{8BC9CEB8-8B4A-11D0-8D11-00A0C91BC942}") = "cfoundationhelloworld", "cofileshelloworld\cofileshelloworld.vcproj", "{9BD1D751-DEBD-49A6-8C4A-191CB9A712E2}"
	ProjectSection(ProjectDependencies) = postProject
		{D6C1149D-2200-45DB-95F7-9797BB50D5A4} = {D6C1149D-2200-45DB-95F7-9797BB50D5A4}
	EndProjectSection
EndProject
Project("{8BC9CEB8-8B4A-11D0-8D11-00A0C91BC942}") = "cguihelloworld", "cguihelloworld\cguihelloworld.vcproj", "{C4BB7A44-7038-4A0A-B021-B42DC4C69263}"
	ProjectSection(ProjectDependencies) = postProject
		{36B032F2-07E3-4FA9-8B35-4B57717B310D} = {36B032F2-07E3-4FA9-8B35-4B57717B310D}
	EndProjectSection
EndProject
Project("{8BC9CEB8-8B4A-11D0-8D11-00A0C91BC942}") = "glpng", "glpng\glpng.vcproj", "{91540355-300B-414E-AAC6-F2F1BEF7E1BA}"
EndProject
Project("{8BC9CEB8-8B4A-11D0-8D11-00A0C91BC942}") = "cctrl", "cctrl\cctrl.vcproj", "{6DC3A0BB-5837-4BBA-8830-C50E671B11C0}"
	ProjectSection(ProjectDependencies) = postProject
		{51AADB9A-8431-4446-A93E-FE3872FD3F29} = {51AADB9A-8431-4446-A93E-FE3872FD3F29}
		{36B032F2-07E3-4FA9-8B35-4B57717B310D} = {36B032F2-07E3-4FA9-8B35-4B57717B310D}
	EndProjectSection
EndProject
Project("{8BC9CEB8-8B4A-11D0-8D11-00A0C91BC942}") = "cctrlhelloworld", "cctrlhelloworld\cctrlhelloworld.vcproj", "{861329B2-F298-4513-903E-F20561F27BDB}"
	ProjectSection(ProjectDependencies) = postProject
		{6DC3A0BB-5837-4BBA-8830-C50E671B11C0} = {6DC3A0BB-5837-4BBA-8830-C50E671B11C0}
	EndProjectSection
EndProject
Project("{8BC9CEB8-8B4A-11D0-8D11-00A0C91BC942}") = "ccontrols", "ccontrols\ccontrols.vcproj", "{A5A14760-B3CA-41AC-ADEE-B5E59F6CBD3E}"
	ProjectSection(ProjectDependencies) = postProject
		{51AADB9A-8431-4446-A93E-FE3872FD3F29} = {51AADB9A-8431-4446-A93E-FE3872FD3F29}
	EndProjectSection
EndProject
Project("{8BC9CEB8-8B4A-11D0-8D11-00A0C91BC942}") = "cpositions", "cpositions\cpositions.vcproj", "{638C56C2-A63C-4739-8A4A-DD533A6C0AE2}"
	ProjectSection(ProjectDependencies) = postProject
		{36B032F2-07E3-4FA9-8B35-4B57717B310D} = {36B032F2-07E3-4FA9-8B35-4B57717B310D}
	EndProjectSection
EndProject
Project("{8BC9CEB8-8B4A-11D0-8D11-00A0C91BC942}") = "csizemode", "csizemode\csizemode.vcproj", "{A8A6E11B-D501-484F-8C82-731691793E4A}"
	ProjectSection(ProjectDependencies) = postProject
		{36B032F2-07E3-4FA9-8B35-4B57717B310D} = {36B032F2-07E3-4FA9-8B35-4B57717B310D}
	EndProjectSection
EndProject
Project("{8BC9CEB8-8B4A-11D0-8D11-00A0C91BC942}") = "cadventcalendar", "cadventcalendar\cadventcalendar.vcproj", "{86E32BB9-7CB8-4997-A502-96DA78162ADB}"
	ProjectSection(ProjectDependencies) = postProject
		{6DC3A0BB-5837-4BBA-8830-C50E671B11C0} = {6DC3A0BB-5837-4BBA-8830-C50E671B11C0}
	EndProjectSection
EndProject
Project("{8BC9CEB8-8B4A-11D0-8D11-00A0C91BC942}") = "cdragdrop", "cdragdrop\cdragdrop.vcproj", "{6D328802-F308-49B1-AB01-60378B7F4B0F}"
	ProjectSection(ProjectDependencies) = postProject
		{6DC3A0BB-5837-4BBA-8830-C50E671B11C0} = {6DC3A0BB-5837-4BBA-8830-C50E671B11C0}
	EndProjectSection
EndProject
Project("{8BC9CEB8-8B4A-11D0-8D11-00A0C91BC942}") = "ced", "ced\ced.vcproj", "{1E58B120-2474-42B6-AD7F-E2DE19AAA960}"
	ProjectSection(ProjectDependencies) = postProject
		{6DC3A0BB-5837-4BBA-8830-C50E671B11C0} = {6DC3A0BB-5837-4BBA-8830-C50E671B11C0}
	EndProjectSection
EndProject
Project("{8BC9CEB8-8B4A-11D0-8D11-00A0C91BC942}") = "cetris", "cetris\cetris.vcproj", "{118B682F-49D8-4F53-A6F1-D21D6F740AC7}"
	ProjectSection(ProjectDependencies) = postProject
		{6DC3A0BB-5837-4BBA-8830-C50E671B11C0} = {6DC3A0BB-5837-4BBA-8830-C50E671B11C0}
	EndProjectSection
EndProject
Project("{8BC9CEB8-8B4A-11D0-8D11-00A0C91BC942}") = "cmadtv", "cmadtv\cmadtv.vcproj", "{BB691015-EF65-4302-B4D0-990252B335AF}"
	ProjectSection(ProjectDependencies) = postProject
		{FA736082-350C-4ABE-B62D-D2FDDA0B3B17} = {FA736082-350C-4ABE-B62D-D2FDDA0B3B17}
		{6DC3A0BB-5837-4BBA-8830-C50E671B11C0} = {6DC3A0BB-5837-4BBA-8830-C50E671B11C0}
	EndProjectSection
EndProject
Project("{8BC9CEB8-8B4A-11D0-8D11-00A0C91BC942}") = "cmadtvdata", "cmadtvdata\cmadtvdata.vcproj", "{FA736082-350C-4ABE-B62D-D2FDDA0B3B17}"
	ProjectSection(ProjectDependencies) = postProject
		{D6C1149D-2200-45DB-95F7-9797BB50D5A4} = {D6C1149D-2200-45DB-95F7-9797BB50D5A4}
		{36B032F2-07E3-4FA9-8B35-4B57717B310D} = {36B032F2-07E3-4FA9-8B35-4B57717B310D}
	EndProjectSection
EndProject
Project("{8BC9CEB8-8B4A-11D0-8D11-00A0C91BC942}") = "cxmlparser", "cxmlparser\cxmlparser.vcproj", "{E6CB6851-BC0E-4092-ACDE-F66FDD46B683}"
	ProjectSection(ProjectDependencies) = postProject
		{D6C1149D-2200-45DB-95F7-9797BB50D5A4} = {D6C1149D-2200-45DB-95F7-9797BB50D5A4}
	EndProjectSection
EndProject
Project("{8BC9CEB8-8B4A-11D0-8D11-00A0C91BC942}") = "csystemtests", "csystemtests\csystemtests.vcproj", "{15C3E4E0-AA66-41A3-82C1-6AE3EC336C8D}"
	ProjectSection(ProjectDependencies) = postProject
		{0D56782B-A12A-49A3-88ED-51962AFC2385} = {0D56782B-A12A-49A3-88ED-51962AFC2385}
	EndProjectSection
EndProject
Project("{8BC9CEB8-8B4A-11D0-8D11-00A0C91BC942}") = "cfoundation", "cfoundation\cfoundation.vcproj", "{D6C1149D-2200-45DB-95F7-9797BB50D5A4}"
EndProject
Project("{2150E333-8FDC-42A3-9474-1A3956D46DE8}") = "core", "core", "{73A025AE-1A0F-46F7-9CA8-9944D53BCB66}"
EndProject
Project("{2150E333-8FDC-42A3-9474-1A3956D46DE8}") = "samples", "samples", "{2832A5D9-EF85-4A28-BCE3-FF3B74409FFA}"
EndProject
Project("{2150E333-8FDC-42A3-9474-1A3956D46DE8}") = "ext", "ext", "{9EFB8095-3E55-434A-ABC2-C8876C81CC7E}"
EndProject
Project("{2150E333-8FDC-42A3-9474-1A3956D46DE8}") = "games", "games", "{7E135D52-9271-4096-AAE6-3601BD57CCF6}"
EndProject
Project("{2150E333-8FDC-42A3-9474-1A3956D46DE8}") = "tools", "tools", "{AA4BA4E5-3582-4E59-80F3-E968EC50E861}"
EndProject
Project("{8BC9CEB8-8B4A-11D0-8D11-00A0C91BC942}") = "cgui", "cgui\cgui.vcproj", "{36B032F2-07E3-4FA9-8B35-4B57717B310D}"
	ProjectSection(ProjectDependencies) = postProject
		{0D56782B-A12A-49A3-88ED-51962AFC2385} = {0D56782B-A12A-49A3-88ED-51962AFC2385}
		{91540355-300B-414E-AAC6-F2F1BEF7E1BA} = {91540355-300B-414E-AAC6-F2F1BEF7E1BA}
		{D6C1149D-2200-45DB-95F7-9797BB50D5A4} = {D6C1149D-2200-45DB-95F7-9797BB50D5A4}
	EndProjectSection
EndProject
Project("{8BC9CEB8-8B4A-11D0-8D11-00A0C91BC942}") = "cguicontrols", "cguicontrols\cguicontrols.vcproj", "{51AADB9A-8431-4446-A93E-FE3872FD3F29}"
	ProjectSection(ProjectDependencies) = postProject
		{36B032F2-07E3-4FA9-8B35-4B57717B310D} = {36B032F2-07E3-4FA9-8B35-4B57717B310D}
	EndProjectSection
EndProject
Project("{8BC9CEB8-8B4A-11D0-8D11-00A0C91BC942}") = "csystem", "csystem\csystem.vcproj", "{0D56782B-A12A-49A3-88ED-51962AFC2385}"
	ProjectSection(ProjectDependencies) = postProject
		{D6C1149D-2200-45DB-95F7-9797BB50D5A4} = {D6C1149D-2200-45DB-95F7-9797BB50D5A4}
	EndProjectSection
EndProject
Project("{8BC9CEB8-8B4A-11D0-8D11-00A0C91BC942}") = "cmadtvserver", "cmadtvserver\cmadtvserver.vcproj", "{40E86F1A-6C5E-4203-A140-BF417C991BC8}"
	ProjectSection(ProjectDependencies) = postProject
		{FA736082-350C-4ABE-B62D-D2FDDA0B3B17} = {FA736082-350C-4ABE-B62D-D2FDDA0B3B17}
	EndProjectSection
EndProject
Project("{8BC9CEB8-8B4A-11D0-8D11-00A0C91BC942}") = "cmadtvclient", "cmadtvclient\cmadtvclient.vcproj", "{429BBED9-A325-4BCE-8828-F116277DC3DA}"
	ProjectSection(ProjectDependencies) = postProject
		{BB691015-EF65-4302-B4D0-990252B335AF} = {BB691015-EF65-4302-B4D0-990252B335AF}
	EndProjectSection
EndProject
Global
	GlobalSection(SubversionScc) = preSolution
		Svn-Managed = True
		Manager = AnkhSVN - Subversion Support for Visual Studio
	EndGlobalSection
	GlobalSection(SolutionConfigurationPlatforms) = preSolution
		Debug|Win32 = Debug|Win32
		Hybrid|Win32 = Hybrid|Win32
		Release|Win32 = Release|Win32
	EndGlobalSection
	GlobalSection(ProjectConfigurationPlatforms) = postSolution
		{9BD1D751-DEBD-49A6-8C4A-191CB9A712E2}.Debug|Win32.ActiveCfg = Debug|Win32
		{9BD1D751-DEBD-49A6-8C4A-191CB9A712E2}.Debug|Win32.Build.0 = Debug|Win32
		{9BD1D751-DEBD-49A6-8C4A-191CB9A712E2}.Hybrid|Win32.ActiveCfg = Hybrid|Win32
		{9BD1D751-DEBD-49A6-8C4A-191CB9A712E2}.Hybrid|Win32.Build.0 = Hybrid|Win32
		{9BD1D751-DEBD-49A6-8C4A-191CB9A712E2}.Release|Win32.ActiveCfg = Release|Win32
		{9BD1D751-DEBD-49A6-8C4A-191CB9A712E2}.Release|Win32.Build.0 = Release|Win32
		{C4BB7A44-7038-4A0A-B021-B42DC4C69263}.Debug|Win32.ActiveCfg = Debug|Win32
		{C4BB7A44-7038-4A0A-B021-B42DC4C69263}.Debug|Win32.Build.0 = Debug|Win32
		{C4BB7A44-7038-4A0A-B021-B42DC4C69263}.Hybrid|Win32.ActiveCfg = Debug|Win32
		{C4BB7A44-7038-4A0A-B021-B42DC4C69263}.Release|Win32.ActiveCfg = Release|Win32
		{C4BB7A44-7038-4A0A-B021-B42DC4C69263}.Release|Win32.Build.0 = Release|Win32
		{91540355-300B-414E-AAC6-F2F1BEF7E1BA}.Debug|Win32.ActiveCfg = Debug|Win32
		{91540355-300B-414E-AAC6-F2F1BEF7E1BA}.Debug|Win32.Build.0 = Debug|Win32
		{91540355-300B-414E-AAC6-F2F1BEF7E1BA}.Hybrid|Win32.ActiveCfg = Debug|Win32
		{91540355-300B-414E-AAC6-F2F1BEF7E1BA}.Hybrid|Win32.Build.0 = Debug|Win32
		{91540355-300B-414E-AAC6-F2F1BEF7E1BA}.Release|Win32.ActiveCfg = Release|Win32
		{91540355-300B-414E-AAC6-F2F1BEF7E1BA}.Release|Win32.Build.0 = Release|Win32
		{6DC3A0BB-5837-4BBA-8830-C50E671B11C0}.Debug|Win32.ActiveCfg = Debug|Win32
		{6DC3A0BB-5837-4BBA-8830-C50E671B11C0}.Debug|Win32.Build.0 = Debug|Win32
		{6DC3A0BB-5837-4BBA-8830-C50E671B11C0}.Hybrid|Win32.ActiveCfg = Hybrid|Win32
		{6DC3A0BB-5837-4BBA-8830-C50E671B11C0}.Hybrid|Win32.Build.0 = Hybrid|Win32
		{6DC3A0BB-5837-4BBA-8830-C50E671B11C0}.Release|Win32.ActiveCfg = Release|Win32
		{6DC3A0BB-5837-4BBA-8830-C50E671B11C0}.Release|Win32.Build.0 = Release|Win32
		{861329B2-F298-4513-903E-F20561F27BDB}.Debug|Win32.ActiveCfg = Debug|Win32
		{861329B2-F298-4513-903E-F20561F27BDB}.Debug|Win32.Build.0 = Debug|Win32
		{861329B2-F298-4513-903E-F20561F27BDB}.Hybrid|Win32.ActiveCfg = Debug|Win32
		{861329B2-F298-4513-903E-F20561F27BDB}.Release|Win32.ActiveCfg = Release|Win32
		{861329B2-F298-4513-903E-F20561F27BDB}.Release|Win32.Build.0 = Release|Win32
		{A5A14760-B3CA-41AC-ADEE-B5E59F6CBD3E}.Debug|Win32.ActiveCfg = Debug|Win32
		{A5A14760-B3CA-41AC-ADEE-B5E59F6CBD3E}.Debug|Win32.Build.0 = Debug|Win32
		{A5A14760-B3CA-41AC-ADEE-B5E59F6CBD3E}.Hybrid|Win32.ActiveCfg = Hybrid|Win32
		{A5A14760-B3CA-41AC-ADEE-B5E59F6CBD3E}.Hybrid|Win32.Build.0 = Hybrid|Win32
		{A5A14760-B3CA-41AC-ADEE-B5E59F6CBD3E}.Release|Win32.ActiveCfg = Release|Win32
		{A5A14760-B3CA-41AC-ADEE-B5E59F6CBD3E}.Release|Win32.Build.0 = Release|Win32
		{638C56C2-A63C-4739-8A4A-DD533A6C0AE2}.Debug|Win32.ActiveCfg = Debug|Win32
		{638C56C2-A63C-4739-8A4A-DD533A6C0AE2}.Debug|Win32.Build.0 = Debug|Win32
		{638C56C2-A63C-4739-8A4A-DD533A6C0AE2}.Hybrid|Win32.ActiveCfg = Debug|Win32
		{638C56C2-A63C-4739-8A4A-DD533A6C0AE2}.Release|Win32.ActiveCfg = Release|Win32
		{638C56C2-A63C-4739-8A4A-DD533A6C0AE2}.Release|Win32.Build.0 = Release|Win32
		{A8A6E11B-D501-484F-8C82-731691793E4A}.Debug|Win32.ActiveCfg = Debug|Win32
		{A8A6E11B-D501-484F-8C82-731691793E4A}.Debug|Win32.Build.0 = Debug|Win32
		{A8A6E11B-D501-484F-8C82-731691793E4A}.Hybrid|Win32.ActiveCfg = Debug|Win32
		{A8A6E11B-D501-484F-8C82-731691793E4A}.Release|Win32.ActiveCfg = Release|Win32
		{A8A6E11B-D501-484F-8C82-731691793E4A}.Release|Win32.Build.0 = Release|Win32
		{86E32BB9-7CB8-4997-A502-96DA78162ADB}.Debug|Win32.ActiveCfg = Debug|Win32
		{86E32BB9-7CB8-4997-A502-96DA78162ADB}.Debug|Win32.Build.0 = Debug|Win32
		{86E32BB9-7CB8-4997-A502-96DA78162ADB}.Hybrid|Win32.ActiveCfg = Debug|Win32
		{86E32BB9-7CB8-4997-A502-96DA78162ADB}.Release|Win32.ActiveCfg = Release|Win32
		{86E32BB9-7CB8-4997-A502-96DA78162ADB}.Release|Win32.Build.0 = Release|Win32
		{6D328802-F308-49B1-AB01-60378B7F4B0F}.Debug|Win32.ActiveCfg = Debug|Win32
		{6D328802-F308-49B1-AB01-60378B7F4B0F}.Debug|Win32.Build.0 = Debug|Win32
		{6D328802-F308-49B1-AB01-60378B7F4B0F}.Hybrid|Win32.ActiveCfg = Debug|Win32
		{6D328802-F308-49B1-AB01-60378B7F4B0F}.Release|Win32.ActiveCfg = Release|Win32
		{6D328802-F308-49B1-AB01-60378B7F4B0F}.Release|Win32.Build.0 = Release|Win32
		{1E58B120-2474-42B6-AD7F-E2DE19AAA960}.Debug|Win32.ActiveCfg = Debug|Win32
		{1E58B120-2474-42B6-AD7F-E2DE19AAA960}.Debug|Win32.Build.0 = Debug|Win32
		{1E58B120-2474-42B6-AD7F-E2DE19AAA960}.Hybrid|Win32.ActiveCfg = Hybrid|Win32
		{1E58B120-2474-42B6-AD7F-E2DE19AAA960}.Hybrid|Win32.Build.0 = Hybrid|Win32
		{1E58B120-2474-42B6-AD7F-E2DE19AAA960}.Release|Win32.ActiveCfg = Release|Win32
		{1E58B120-2474-42B6-AD7F-E2DE19AAA960}.Release|Win32.Build.0 = Release|Win32
		{118B682F-49D8-4F53-A6F1-D21D6F740AC7}.Debug|Win32.ActiveCfg = Debug|Win32
		{118B682F-49D8-4F53-A6F1-D21D6F740AC7}.Debug|Win32.Build.0 = Debug|Win32
		{118B682F-49D8-4F53-A6F1-D21D6F740AC7}.Hybrid|Win32.ActiveCfg = Debug|Win32
		{118B682F-49D8-4F53-A6F1-D21D6F740AC7}.Release|Win32.ActiveCfg = Release|Win32
		{118B682F-49D8-4F53-A6F1-D21D6F740AC7}.Release|Win32.Build.0 = Release|Win32
		{BB691015-EF65-4302-B4D0-990252B335AF}.Debug|Win32.ActiveCfg = Debug|Win32
		{BB691015-EF65-4302-B4D0-990252B335AF}.Debug|Win32.Build.0 = Debug|Win32
		{BB691015-EF65-4302-B4D0-990252B335AF}.Hybrid|Win32.ActiveCfg = Hybrid|Win32
		{BB691015-EF65-4302-B4D0-990252B335AF}.Hybrid|Win32.Build.0 = Hybrid|Win32
		{BB691015-EF65-4302-B4D0-990252B335AF}.Release|Win32.ActiveCfg = Release|Win32
		{BB691015-EF65-4302-B4D0-990252B335AF}.Release|Win32.Build.0 = Release|Win32
		{FA736082-350C-4ABE-B62D-D2FDDA0B3B17}.Debug|Win32.ActiveCfg = Debug|Win32
		{FA736082-350C-4ABE-B62D-D2FDDA0B3B17}.Debug|Win32.Build.0 = Debug|Win32
		{FA736082-350C-4ABE-B62D-D2FDDA0B3B17}.Hybrid|Win32.ActiveCfg = Hybrid|Win32
		{FA736082-350C-4ABE-B62D-D2FDDA0B3B17}.Hybrid|Win32.Build.0 = Hybrid|Win32
		{FA736082-350C-4ABE-B62D-D2FDDA0B3B17}.Release|Win32.ActiveCfg = Release|Win32
		{FA736082-350C-4ABE-B62D-D2FDDA0B3B17}.Release|Win32.Build.0 = Release|Win32
		{E6CB6851-BC0E-4092-ACDE-F66FDD46B683}.Debug|Win32.ActiveCfg = Debug|Win32
		{E6CB6851-BC0E-4092-ACDE-F66FDD46B683}.Debug|Win32.Build.0 = Debug|Win32
		{E6CB6851-BC0E-4092-ACDE-F66FDD46B683}.Hybrid|Win32.ActiveCfg = Debug|Win32
		{E6CB6851-BC0E-4092-ACDE-F66FDD46B683}.Release|Win32.ActiveCfg = Release|Win32
		{E6CB6851-BC0E-4092-ACDE-F66FDD46B683}.Release|Win32.Build.0 = Release|Win32
		{15C3E4E0-AA66-41A3-82C1-6AE3EC336C8D}.Debug|Win32.ActiveCfg = Debug|Win32
		{15C3E4E0-AA66-41A3-82C1-6AE3EC336C8D}.Debug|Win32.Build.0 = Debug|Win32
		{15C3E4E0-AA66-41A3-82C1-6AE3EC336C8D}.Hybrid|Win32.ActiveCfg = Debug|Win32
		{15C3E4E0-AA66-41A3-82C1-6AE3EC336C8D}.Release|Win32.ActiveCfg = Release|Win32
		{15C3E4E0-AA66-41A3-82C1-6AE3EC336C8D}.Release|Win32.Build.0 = Release|Win32
		{D6C1149D-2200-45DB-95F7-9797BB50D5A4}.Debug|Win32.ActiveCfg = Debug|Win32
		{D6C1149D-2200-45DB-95F7-9797BB50D5A4}.Debug|Win32.Build.0 = Debug|Win32
		{D6C1149D-2200-45DB-95F7-9797BB50D5A4}.Hybrid|Win32.ActiveCfg = Hybrid|Win32
		{D6C1149D-2200-45DB-95F7-9797BB50D5A4}.Hybrid|Win32.Build.0 = Hybrid|Win32
		{D6C1149D-2200-45DB-95F7-9797BB50D5A4}.Release|Win32.ActiveCfg = Release|Win32
		{D6C1149D-2200-45DB-95F7-9797BB50D5A4}.Release|Win32.Build.0 = Release|Win32
		{36B032F2-07E3-4FA9-8B35-4B57717B310D}.Debug|Win32.ActiveCfg = Debug|Win32
		{36B032F2-07E3-4FA9-8B35-4B57717B310D}.Debug|Win32.Build.0 = Debug|Win32
		{36B032F2-07E3-4FA9-8B35-4B57717B310D}.Hybrid|Win32.ActiveCfg = Hybrid|Win32
		{36B032F2-07E3-4FA9-8B35-4B57717B310D}.Hybrid|Win32.Build.0 = Hybrid|Win32
		{36B032F2-07E3-4FA9-8B35-4B57717B310D}.Release|Win32.ActiveCfg = Release|Win32
		{36B032F2-07E3-4FA9-8B35-4B57717B310D}.Release|Win32.Build.0 = Release|Win32
		{51AADB9A-8431-4446-A93E-FE3872FD3F29}.Debug|Win32.ActiveCfg = Debug|Win32
		{51AADB9A-8431-4446-A93E-FE3872FD3F29}.Debug|Win32.Build.0 = Debug|Win32
		{51AADB9A-8431-4446-A93E-FE3872FD3F29}.Hybrid|Win32.ActiveCfg = Hybrid|Win32
		{51AADB9A-8431-4446-A93E-FE3872FD3F29}.Hybrid|Win32.Build.0 = Hybrid|Win32
		{51AADB9A-8431-4446-A93E-FE3872FD3F29}.Release|Win32.ActiveCfg = Release|Win32
		{51AADB9A-8431-4446-A93E-FE3872FD3F29}.Release|Win32.Build.0 = Release|Win32
		{0D56782B-A12A-49A3-88ED-51962AFC2385}.Debug|Win32.ActiveCfg = Debug|Win32
		{0D56782B-A12A-49A3-88ED-51962AFC2385}.Debug|Win32.Build.0 = Debug|Win32
		{0D56782B-A12A-49A3-88ED-51962AFC2385}.Hybrid|Win32.ActiveCfg = Hybrid|Win32
		{0D56782B-A12A-49A3-88ED-51962AFC2385}.Hybrid|Win32.Build.0 = Hybrid|Win32
		{0D56782B-A12A-49A3-88ED-51962AFC2385}.Release|Win32.ActiveCfg = Release|Win32
		{0D56782B-A12A-49A3-88ED-51962AFC2385}.Release|Win32.Build.0 = Release|Win32
		{40E86F1A-6C5E-4203-A140-BF417C991BC8}.Debug|Win32.ActiveCfg = Debug|Win32
		{40E86F1A-6C5E-4203-A140-BF417C991BC8}.Debug|Win32.Build.0 = Debug|Win32
		{40E86F1A-6C5E-4203-A140-BF417C991BC8}.Hybrid|Win32.ActiveCfg = Hybrid|Win32
		{40E86F1A-6C5E-4203-A140-BF417C991BC8}.Hybrid|Win32.Build.0 = Hybrid|Win32
		{40E86F1A-6C5E-4203-A140-BF417C991BC8}.Release|Win32.ActiveCfg = Release|Win32
		{40E86F1A-6C5E-4203-A140-BF417C991BC8}.Release|Win32.Build.0 = Release|Win32
		{429BBED9-A325-4BCE-8828-F116277DC3DA}.Debug|Win32.ActiveCfg = Debug|Win32
		{429BBED9-A325-4BCE-8828-F116277DC3DA}.Debug|Win32.Build.0 = Debug|Win32
		{429BBED9-A325-4BCE-8828-F116277DC3DA}.Hybrid|Win32.ActiveCfg = Hybrid|Win32
		{429BBED9-A325-4BCE-8828-F116277DC3DA}.Hybrid|Win32.Build.0 = Hybrid|Win32
		{429BBED9-A325-4BCE-8828-F116277DC3DA}.Release|Win32.ActiveCfg = Release|Win32
		{429BBED9-A325-4BCE-8828-F116277DC3DA}.Release|Win32.Build.0 = Release|Win32
	EndGlobalSection
	GlobalSection(SolutionProperties) = preSolution
		HideSolutionNode = FALSE
	EndGlobalSection
	GlobalSection(NestedProjects) = preSolution
		{C4BB7A44-7038-4A0A-B021-B42DC4C69263} = {2832A5D9-EF85-4A28-BCE3-FF3B74409FFA}
		{861329B2-F298-4513-903E-F20561F27BDB} = {2832A5D9-EF85-4A28-BCE3-FF3B74409FFA}
		{A5A14760-B3CA-41AC-ADEE-B5E59F6CBD3E} = {2832A5D9-EF85-4A28-BCE3-FF3B74409FFA}
		{638C56C2-A63C-4739-8A4A-DD533A6C0AE2} = {2832A5D9-EF85-4A28-BCE3-FF3B74409FFA}
		{A8A6E11B-D501-484F-8C82-731691793E4A} = {2832A5D9-EF85-4A28-BCE3-FF3B74409FFA}
		{86E32BB9-7CB8-4997-A502-96DA78162ADB} = {2832A5D9-EF85-4A28-BCE3-FF3B74409FFA}
		{6D328802-F308-49B1-AB01-60378B7F4B0F} = {2832A5D9-EF85-4A28-BCE3-FF3B74409FFA}
		{E6CB6851-BC0E-4092-ACDE-F66FDD46B683} = {2832A5D9-EF85-4A28-BCE3-FF3B74409FFA}
		{15C3E4E0-AA66-41A3-82C1-6AE3EC336C8D} = {2832A5D9-EF85-4A28-BCE3-FF3B74409FFA}
		{9BD1D751-DEBD-49A6-8C4A-191CB9A712E2} = {2832A5D9-EF85-4A28-BCE3-FF3B74409FFA}
		{91540355-300B-414E-AAC6-F2F1BEF7E1BA} = {9EFB8095-3E55-434A-ABC2-C8876C81CC7E}
		{D6C1149D-2200-45DB-95F7-9797BB50D5A4} = {73A025AE-1A0F-46F7-9CA8-9944D53BCB66}
		{6DC3A0BB-5837-4BBA-8830-C50E671B11C0} = {73A025AE-1A0F-46F7-9CA8-9944D53BCB66}
		{36B032F2-07E3-4FA9-8B35-4B57717B310D} = {73A025AE-1A0F-46F7-9CA8-9944D53BCB66}
		{51AADB9A-8431-4446-A93E-FE3872FD3F29} = {73A025AE-1A0F-46F7-9CA8-9944D53BCB66}
		{0D56782B-A12A-49A3-88ED-51962AFC2385} = {73A025AE-1A0F-46F7-9CA8-9944D53BCB66}
		{1E58B120-2474-42B6-AD7F-E2DE19AAA960} = {AA4BA4E5-3582-4E59-80F3-E968EC50E861}
		{BB691015-EF65-4302-B4D0-990252B335AF} = {7E135D52-9271-4096-AAE6-3601BD57CCF6}
		{FA736082-350C-4ABE-B62D-D2FDDA0B3B17} = {7E135D52-9271-4096-AAE6-3601BD57CCF6}
		{118B682F-49D8-4F53-A6F1-D21D6F740AC7} = {7E135D52-9271-4096-AAE6-3601BD57CCF6}
		{40E86F1A-6C5E-4203-A140-BF417C991BC8} = {7E135D52-9271-4096-AAE6-3601BD57CCF6}
		{429BBED9-A325-4BCE-8828-F116277DC3DA} = {7E135D52-9271-4096-AAE6-3601BD57CCF6}
	EndGlobalSection
	GlobalSection(ExtensibilityGlobals) = postSolution
		AMDCaPersistentConfig = Hybrid|Win32
		AMDCaPersistentStartup = cmadtv
		AMDCaProjectFile = D:\projects\cframework\trunk\projects\visualc\cframework\CodeAnalyst\cframework.caw
	EndGlobalSection
EndGlobal
