
Microsoft Visual Studio Solution File, Format Version 10.00
# Visual Studio 2008
Project("{8BC9CEB8-8B4A-11D0-8D11-00A0C91BC942}") = "cmadtv", "cmadtv\cmadtv.vcproj", "{BB691015-EF65-4302-B4D0-990252B335AF}"
	ProjectSection(ProjectDependencies) = postProject
		{FA736082-350C-4ABE-B62D-D2FDDA0B3B17} = {FA736082-350C-4ABE-B62D-D2FDDA0B3B17}
	EndProjectSection
EndProject
Project("{8BC9CEB8-8B4A-11D0-8D11-00A0C91BC942}") = "cmadtvdata", "cmadtvdata\cmadtvdata.vcproj", "{FA736082-350C-4ABE-B62D-D2FDDA0B3B17}"
EndProject
Global
	GlobalSection(SolutionConfigurationPlatforms) = preSolution
		Debug|Win32 = Debug|Win32
		Hybrid|Win32 = Hybrid|Win32
		Release|Win32 = Release|Win32
	EndGlobalSection
	GlobalSection(ProjectConfigurationPlatforms) = postSolution
		{BB691015-EF65-4302-B4D0-990252B335AF}.Debug|Win32.ActiveCfg = Debug|Win32
		{BB691015-EF65-4302-B4D0-990252B335AF}.Debug|Win32.Build.0 = Debug|Win32
		{BB691015-EF65-4302-B4D0-990252B335AF}.Hybrid|Win32.ActiveCfg = Hybrid|Win32
		{BB691015-EF65-4302-B4D0-990252B335AF}.Hybrid|Win32.Build.0 = Hybrid|Win32
		{BB691015-EF65-4302-B4D0-990252B335AF}.Release|Win32.ActiveCfg = Release|Win32
		{BB691015-EF65-4302-B4D0-990252B335AF}.Release|Win32.Build.0 = Release|Win32
		{FA736082-350C-4ABE-B62D-D2FDDA0B3B17}.Debug|Win32.ActiveCfg = Debug|Win32
		{FA736082-350C-4ABE-B62D-D2FDDA0B3B17}.Debug|Win32.Build.0 = Debug|Win32
		{FA736082-350C-4ABE-B62D-D2FDDA0B3B17}.Hybrid|Win32.ActiveCfg = Hybrid|Win32
		{FA736082-350C-4ABE-B62D-D2FDDA0B3B17}.Hybrid|Win32.Build.0 = Hybrid|Win32
		{FA736082-350C-4ABE-B62D-D2FDDA0B3B17}.Release|Win32.ActiveCfg = Release|Win32
		{FA736082-350C-4ABE-B62D-D2FDDA0B3B17}.Release|Win32.Build.0 = Release|Win32
	EndGlobalSection
	GlobalSection(SolutionProperties) = preSolution
		HideSolutionNode = FALSE
	EndGlobalSection
EndGlobal
